// !$*UTF8*$!
{
	archiveVersion = 1;
	classes = {
	};
	objectVersion = 46;
	objects = {

/* Begin PBXBuildFile section */
		013EDF76E7B77030D0A1A47A /* Pods_ResourceManagerTests.framework in Frameworks */ = {isa = PBXBuildFile; fileRef = 7B2D54B3294D414F3F399907 /* Pods_ResourceManagerTests.framework */; };
		260C10951E8A429900011A8E /* RMLoginViewModel.swift in Sources */ = {isa = PBXBuildFile; fileRef = 260C10941E8A429900011A8E /* RMLoginViewModel.swift */; };
		260C109C1E8A593300011A8E /* RMLoginDomain.swift in Sources */ = {isa = PBXBuildFile; fileRef = 260C109B1E8A593300011A8E /* RMLoginDomain.swift */; };
		260C10A01E8A6F1800011A8E /* RMDataRepository.swift in Sources */ = {isa = PBXBuildFile; fileRef = 260C109F1E8A6F1800011A8E /* RMDataRepository.swift */; };
		260C10A21E8A6F2300011A8E /* RMDomain.swift in Sources */ = {isa = PBXBuildFile; fileRef = 260C10A11E8A6F2300011A8E /* RMDomain.swift */; };
		260C3C401E9CC9F500DE7C46 /* RMInspectListViewModel.swift in Sources */ = {isa = PBXBuildFile; fileRef = 260C3C3F1E9CC9F500DE7C46 /* RMInspectListViewModel.swift */; };
		260C3C421E9CCA5500DE7C46 /* RMInspectListDomain.swift in Sources */ = {isa = PBXBuildFile; fileRef = 260C3C411E9CCA5500DE7C46 /* RMInspectListDomain.swift */; };
		260C3C461E9CDA4300DE7C46 /* RMInspect.swift in Sources */ = {isa = PBXBuildFile; fileRef = 260C3C451E9CDA4300DE7C46 /* RMInspect.swift */; };
		260E96FE1EC60FF90040DBF8 /* RMDeviceModifyViewModel.swift in Sources */ = {isa = PBXBuildFile; fileRef = 260E96FD1EC60FF90040DBF8 /* RMDeviceModifyViewModel.swift */; };
		260E97001EC611A80040DBF8 /* RMDeviceModifyDomain.swift in Sources */ = {isa = PBXBuildFile; fileRef = 260E96FF1EC611A80040DBF8 /* RMDeviceModifyDomain.swift */; };
		261BB2761EA5F852006AA306 /* RMSuggestViewModel.swift in Sources */ = {isa = PBXBuildFile; fileRef = 261BB2751EA5F852006AA306 /* RMSuggestViewModel.swift */; };
		262AB6971E9B344C00986173 /* RMLinkScanViewModel.swift in Sources */ = {isa = PBXBuildFile; fileRef = 262AB6961E9B344C00986173 /* RMLinkScanViewModel.swift */; };
		262AB6991E9B345700986173 /* RMCabinetScanViewModel.swift in Sources */ = {isa = PBXBuildFile; fileRef = 262AB6981E9B345700986173 /* RMCabinetScanViewModel.swift */; };
		262C7E7D1E8ACE53004BD333 /* RMRootViewController.swift in Sources */ = {isa = PBXBuildFile; fileRef = 262C7E7C1E8ACE53004BD333 /* RMRootViewController.swift */; };
		262C7E811E8ADDF9004BD333 /* RMStoryboardSegue.swift in Sources */ = {isa = PBXBuildFile; fileRef = 262C7E801E8ADDF8004BD333 /* RMStoryboardSegue.swift */; };
		2635D9CC1F5717B7000C407E /* RMResourceManagerViewController.swift in Sources */ = {isa = PBXBuildFile; fileRef = 2635D9CB1F5717B7000C407E /* RMResourceManagerViewController.swift */; };
		2635D9DF1F571F02000C407E /* RMSearchDomain.swift in Sources */ = {isa = PBXBuildFile; fileRef = 2635D9DE1F571F02000C407E /* RMSearchDomain.swift */; };
		263A7EBC1E9D240200201500 /* RMInspectPhotoViewModel.swift in Sources */ = {isa = PBXBuildFile; fileRef = 263A7EBB1E9D240200201500 /* RMInspectPhotoViewModel.swift */; };
		263FD31F1EAEFD7500EB7814 /* BDLocationManager.swift in Sources */ = {isa = PBXBuildFile; fileRef = 263FD31E1EAEFD7500EB7814 /* BDLocationManager.swift */; };
		26483F3B1EA1316600D6A3EC /* RMLinkDetailDomain.swift in Sources */ = {isa = PBXBuildFile; fileRef = 26483F3A1EA1316600D6A3EC /* RMLinkDetailDomain.swift */; };
		26483F3D1EA1458B00D6A3EC /* RMInspectUploadDomain.swift in Sources */ = {isa = PBXBuildFile; fileRef = 26483F3C1EA1458B00D6A3EC /* RMInspectUploadDomain.swift */; };
		264D89FC1EA33FC4002B2A44 /* RMPersonalCenterViewModel.swift in Sources */ = {isa = PBXBuildFile; fileRef = 264D89FB1EA33FC4002B2A44 /* RMPersonalCenterViewModel.swift */; };
		264D89FE1EA37FD6002B2A44 /* RMPersonalCenterDomain.swift in Sources */ = {isa = PBXBuildFile; fileRef = 264D89FD1EA37FD6002B2A44 /* RMPersonalCenterDomain.swift */; };
		265653E81E825A7700F37064 /* RMModel.swift in Sources */ = {isa = PBXBuildFile; fileRef = 265653E71E825A7700F37064 /* RMModel.swift */; };
		265653EA1E825BC200F37064 /* RMUser.swift in Sources */ = {isa = PBXBuildFile; fileRef = 265653E91E825BC200F37064 /* RMUser.swift */; };
		265653F01E8279C600F37064 /* RMDog.swift in Sources */ = {isa = PBXBuildFile; fileRef = 265653EF1E8279C600F37064 /* RMDog.swift */; };
		265653F21E827A1300F37064 /* RMAnimal.swift in Sources */ = {isa = PBXBuildFile; fileRef = 265653F11E827A1300F37064 /* RMAnimal.swift */; };
		266597821E95D7AB0035D344 /* RMLinkSearchViewModel.swift in Sources */ = {isa = PBXBuildFile; fileRef = 266597811E95D7AB0035D344 /* RMLinkSearchViewModel.swift */; };
		266597841E95D82A0035D344 /* RMLinkSearchDomain.swift in Sources */ = {isa = PBXBuildFile; fileRef = 266597831E95D82A0035D344 /* RMLinkSearchDomain.swift */; };
		266F46361EB1026100E79F4D /* RMDeviceSearchViewModel.swift in Sources */ = {isa = PBXBuildFile; fileRef = 266F46351EB1026100E79F4D /* RMDeviceSearchViewModel.swift */; };
		266F46381EB102D500E79F4D /* RMDeviceSearchDomain.swift in Sources */ = {isa = PBXBuildFile; fileRef = 266F46371EB102D500E79F4D /* RMDeviceSearchDomain.swift */; };
		266F463C1EB225F100E79F4D /* RMDeviceScanViewModel.swift in Sources */ = {isa = PBXBuildFile; fileRef = 266F463B1EB225F100E79F4D /* RMDeviceScanViewModel.swift */; };
		267035461E9F5D4D0049F0CC /* RMUploadScanViewModel.swift in Sources */ = {isa = PBXBuildFile; fileRef = 267035451E9F5D4D0049F0CC /* RMUploadScanViewModel.swift */; };
		2670EDE31E964FC900D2CA07 /* RMScanViewModel.swift in Sources */ = {isa = PBXBuildFile; fileRef = 2670EDE21E964FC900D2CA07 /* RMScanViewModel.swift */; };
		2670EDE51E96522A00D2CA07 /* RMScanDomain.swift in Sources */ = {isa = PBXBuildFile; fileRef = 2670EDE41E96522A00D2CA07 /* RMScanDomain.swift */; };
		2670EDE71E96536D00D2CA07 /* RMLinkDetailViewModel.swift in Sources */ = {isa = PBXBuildFile; fileRef = 2670EDE61E96536D00D2CA07 /* RMLinkDetailViewModel.swift */; };
		2672C1011E8CE44900AD19EA /* RMError.swift in Sources */ = {isa = PBXBuildFile; fileRef = 2672C1001E8CE44900AD19EA /* RMError.swift */; };
		2672C1031E8CFABC00AD19EA /* Device+RMDevice.swift in Sources */ = {isa = PBXBuildFile; fileRef = 2672C1021E8CFABC00AD19EA /* Device+RMDevice.swift */; };
		267316E71EB18C4500A848B3 /* RMDeviceListViewModel.swift in Sources */ = {isa = PBXBuildFile; fileRef = 267316E61EB18C4500A848B3 /* RMDeviceListViewModel.swift */; };
		267641811E9B5647000EFB23 /* RMCabinet.swift in Sources */ = {isa = PBXBuildFile; fileRef = 267641801E9B5647000EFB23 /* RMCabinet.swift */; };
		267641831E9B5696000EFB23 /* RMDevice.swift in Sources */ = {isa = PBXBuildFile; fileRef = 267641821E9B5696000EFB23 /* RMDevice.swift */; };
		267641871E9B62F7000EFB23 /* RMCabinetDetailViewModel.swift in Sources */ = {isa = PBXBuildFile; fileRef = 267641861E9B62F7000EFB23 /* RMCabinetDetailViewModel.swift */; };
		26786E8C1E9B221D00AB42FF /* RMSearchViewModel.swift in Sources */ = {isa = PBXBuildFile; fileRef = 26786E8B1E9B221D00AB42FF /* RMSearchViewModel.swift */; };
		26786E901E9B25D600AB42FF /* RMCabinetSearchViewModel.swift in Sources */ = {isa = PBXBuildFile; fileRef = 26786E8F1E9B25D600AB42FF /* RMCabinetSearchViewModel.swift */; };
		26786E921E9B263800AB42FF /* RMCabinetSearchDomain.swift in Sources */ = {isa = PBXBuildFile; fileRef = 26786E911E9B263800AB42FF /* RMCabinetSearchDomain.swift */; };
		26786E941E9B276700AB42FF /* RMCabinetListViewModel.swift in Sources */ = {isa = PBXBuildFile; fileRef = 26786E931E9B276700AB42FF /* RMCabinetListViewModel.swift */; };
		2681BC051ED53F8B00361033 /* PrintServices.swift in Sources */ = {isa = PBXBuildFile; fileRef = 2681BC041ED53F8B00361033 /* PrintServices.swift */; };
		268B423C1E8F471200ADAC83 /* RMListViewModel.swift in Sources */ = {isa = PBXBuildFile; fileRef = 268B423B1E8F471200ADAC83 /* RMListViewModel.swift */; };
		268DEB3E1E9E182400056FC9 /* RMInspectUploadViewModel.swift in Sources */ = {isa = PBXBuildFile; fileRef = 268DEB3D1E9E182400056FC9 /* RMInspectUploadViewModel.swift */; };
		26909D721EA4BD09008BE207 /* RMExchangePasswordViewModel.swift in Sources */ = {isa = PBXBuildFile; fileRef = 26909D711EA4BD09008BE207 /* RMExchangePasswordViewModel.swift */; };
		269512241ED331E90052D08A /* Data.m in Sources */ = {isa = PBXBuildFile; fileRef = 26950F631ED331E80052D08A /* Data.m */; };
		2695122B1ED331E90052D08A /* ModelUtil.m in Sources */ = {isa = PBXBuildFile; fileRef = 26950F721ED331E80052D08A /* ModelUtil.m */; };
		2695122C1ED331E90052D08A /* Print.m in Sources */ = {isa = PBXBuildFile; fileRef = 26950F741ED331E80052D08A /* Print.m */; };
		2695122D1ED331E90052D08A /* XmlPrintData.m in Sources */ = {isa = PBXBuildFile; fileRef = 26950F761ED331E80052D08A /* XmlPrintData.m */; };
		2695122E1ED331E90052D08A /* XmlUtil.m in Sources */ = {isa = PBXBuildFile; fileRef = 26950F781ED331E80052D08A /* XmlUtil.m */; };
		2695122F1ED331E90052D08A /* libwewinprint.a in Frameworks */ = {isa = PBXBuildFile; fileRef = 26950F7A1ED331E80052D08A /* libwewinprint.a */; };
		269512301ED331E90052D08A /* LICENCE.txt in Resources */ = {isa = PBXBuildFile; fileRef = 26950F831ED331E80052D08A /* LICENCE.txt */; };
		269512311ED331E90052D08A /* Reachability.m in Sources */ = {isa = PBXBuildFile; fileRef = 26950F851ED331E80052D08A /* Reachability.m */; };
		269512321ED331E90052D08A /* README.md in Sources */ = {isa = PBXBuildFile; fileRef = 26950F861ED331E80052D08A /* README.md */; };
		269513101ED3346F0052D08A /* libxml2.2.tbd in Frameworks */ = {isa = PBXBuildFile; fileRef = 2695130F1ED3346F0052D08A /* libxml2.2.tbd */; };
		269A48961E822FD30024FC17 /* RMAppDelegate.swift in Sources */ = {isa = PBXBuildFile; fileRef = 269A48951E822FD30024FC17 /* RMAppDelegate.swift */; };
		269A489B1E822FD30024FC17 /* Main.storyboard in Resources */ = {isa = PBXBuildFile; fileRef = 269A48991E822FD30024FC17 /* Main.storyboard */; };
		269A489D1E822FD30024FC17 /* Assets.xcassets in Resources */ = {isa = PBXBuildFile; fileRef = 269A489C1E822FD30024FC17 /* Assets.xcassets */; };
		269A48A01E822FD30024FC17 /* LaunchScreen.storyboard in Resources */ = {isa = PBXBuildFile; fileRef = 269A489E1E822FD30024FC17 /* LaunchScreen.storyboard */; };
		269A48AB1E822FD30024FC17 /* ResourceManagerTests.swift in Sources */ = {isa = PBXBuildFile; fileRef = 269A48AA1E822FD30024FC17 /* ResourceManagerTests.swift */; };
		269A48B61E822FD30024FC17 /* ResourceManagerUITests.swift in Sources */ = {isa = PBXBuildFile; fileRef = 269A48B51E822FD30024FC17 /* ResourceManagerUITests.swift */; };
		269C8CA91E8F9E400049970E /* RMScanViewController.swift in Sources */ = {isa = PBXBuildFile; fileRef = 269C8CA81E8F9E400049970E /* RMScanViewController.swift */; };
		269C8CAB1E8FA5350049970E /* CodeScan.bundle in Resources */ = {isa = PBXBuildFile; fileRef = 269C8CAA1E8FA5350049970E /* CodeScan.bundle */; };
		269C8CB01E8FB33B0049970E /* RMLink.swift in Sources */ = {isa = PBXBuildFile; fileRef = 269C8CAF1E8FB33B0049970E /* RMLink.swift */; };
		26B189D11E9E8F9500A67B53 /* LocationManager.swift in Sources */ = {isa = PBXBuildFile; fileRef = 26B189D01E9E8F9500A67B53 /* LocationManager.swift */; };
		26BFE8AF1E9E7CD100A636AA /* RMLocationViewModel.swift in Sources */ = {isa = PBXBuildFile; fileRef = 26BFE8AE1E9E7CD100A636AA /* RMLocationViewModel.swift */; };
		26C7C7AF1EAE3438006AC792 /* RMRootViewModel.swift in Sources */ = {isa = PBXBuildFile; fileRef = 26C7C7AE1EAE3438006AC792 /* RMRootViewModel.swift */; };
		26C7C7B11EAE3CD0006AC792 /* NSDate+RM.swift in Sources */ = {isa = PBXBuildFile; fileRef = 26C7C7B01EAE3CD0006AC792 /* NSDate+RM.swift */; };
		26CB6A7E1E978B840092E3E9 /* RMResourceManagerViewModel.swift in Sources */ = {isa = PBXBuildFile; fileRef = 26CB6A7D1E978B840092E3E9 /* RMResourceManagerViewModel.swift */; };
		26CB6A821E9795500092E3E9 /* RMLinkListViewModel.swift in Sources */ = {isa = PBXBuildFile; fileRef = 26CB6A811E9795500092E3E9 /* RMLinkListViewModel.swift */; };
		26D85E451EA079AE0036EBDF /* RMDeviceDetailViewModel.swift in Sources */ = {isa = PBXBuildFile; fileRef = 26D85E441EA079AE0036EBDF /* RMDeviceDetailViewModel.swift */; };
		26E0C2F51E837B0300C7C388 /* RMNetworkServices.swift in Sources */ = {isa = PBXBuildFile; fileRef = 26E0C2F41E837B0300C7C388 /* RMNetworkServices.swift */; };
		26E0C2F71E83A86A00C7C388 /* RMResponseObject.swift in Sources */ = {isa = PBXBuildFile; fileRef = 26E0C2F61E83A86A00C7C388 /* RMResponseObject.swift */; };
		26EFFA421F715927008263DC /* RMLocationDomain.swift in Sources */ = {isa = PBXBuildFile; fileRef = 26EFFA411F715927008263DC /* RMLocationDomain.swift */; };
		26EFFA441F716857008263DC /* RMInspectPhotoDomain.swift in Sources */ = {isa = PBXBuildFile; fileRef = 26EFFA431F716857008263DC /* RMInspectPhotoDomain.swift */; };
		26F798A31F570940009E6382 /* RMLoginViewController.swift in Sources */ = {isa = PBXBuildFile; fileRef = 26F798A21F570940009E6382 /* RMLoginViewController.swift */; };
		26F798A51F57130F009E6382 /* RMResourceManagerDomain.swift in Sources */ = {isa = PBXBuildFile; fileRef = 26F798A41F57130F009E6382 /* RMResourceManagerDomain.swift */; };
		5B8750E3484AF83BD9FF2DEA /* RMCabinetDeviceDetailViewController.swift in Sources */ = {isa = PBXBuildFile; fileRef = 5B875B62AE80F8ABA7DA0907 /* RMCabinetDeviceDetailViewController.swift */; };
		5B8751C5BFFC6A5624DC00E8 /* RMSearchViewController.swift in Sources */ = {isa = PBXBuildFile; fileRef = 5B8757F1CCF30DC9E3C2D53F /* RMSearchViewController.swift */; };
		5B875205CE2226769C8C3B4D /* LBXPermissions.swift in Sources */ = {isa = PBXBuildFile; fileRef = 5B875F6E17FA0A6AEC6F4C8A /* LBXPermissions.swift */; };
		5B87531C72C3569548D2B7D5 /* RMLinkDetailViewController.swift in Sources */ = {isa = PBXBuildFile; fileRef = 5B875B6E81C67B996CBB86D2 /* RMLinkDetailViewController.swift */; };
		5B8753C7ACBFD83B54EFA2CF /* RMTabBarViewController.swift in Sources */ = {isa = PBXBuildFile; fileRef = 5B8750DEC95FB7871BFE6B9D /* RMTabBarViewController.swift */; };
		5B87542B24D3683062ED0A96 /* RMInspectListViewController.swift in Sources */ = {isa = PBXBuildFile; fileRef = 5B8757C0E57E11EF55A40FFD /* RMInspectListViewController.swift */; };
		5B8755257FF6A304F4172C73 /* RMCabinetListViewController.swift in Sources */ = {isa = PBXBuildFile; fileRef = 5B8759B91CD63C988F7B6FF0 /* RMCabinetListViewController.swift */; };
		5B8755E83CAB857CBCFD0D89 /* LBXScanView.swift in Sources */ = {isa = PBXBuildFile; fileRef = 5B87516333583AAD1C874FCD /* LBXScanView.swift */; };
		5B87576EAFD28E9B9AE79B1B /* RMCabinetDetailDomain.swift in Sources */ = {isa = PBXBuildFile; fileRef = 5B8759E9E01310C11B4B00E8 /* RMCabinetDetailDomain.swift */; };
		5B875782C6F19C2BD6960CC4 /* RMHelpViewController.swift in Sources */ = {isa = PBXBuildFile; fileRef = 5B875CA008787D4F66BEDE07 /* RMHelpViewController.swift */; };
		5B87581DAB67A3B5BC1D5703 /* LBXScanNetAnimation.swift in Sources */ = {isa = PBXBuildFile; fileRef = 5B875100AC99E77DAE1F47C0 /* LBXScanNetAnimation.swift */; };
		5B87583892DE539754B6CA25 /* RMInspectUploadViewController.swift in Sources */ = {isa = PBXBuildFile; fileRef = 5B8754B52BABD563A2E56C89 /* RMInspectUploadViewController.swift */; };
		5B8758A0E3014876554785D4 /* RMExchangePasswordViewController.swift in Sources */ = {isa = PBXBuildFile; fileRef = 5B8755983DDE9B0A046D6BF8 /* RMExchangePasswordViewController.swift */; };
		5B875ABB5231D371C46A5AC5 /* LBXScanViewController.swift in Sources */ = {isa = PBXBuildFile; fileRef = 5B875C3B2254E34F9EE16756 /* LBXScanViewController.swift */; };
		5B875AF2B584F2BF3A4F862E /* RMSuggestViewController.swift in Sources */ = {isa = PBXBuildFile; fileRef = 5B87526D5C67C89A7D2D6351 /* RMSuggestViewController.swift */; };
		5B875BFCE2F1D3463E2E0FFD /* RMLocationViewController.swift in Sources */ = {isa = PBXBuildFile; fileRef = 5B875D468D382111810011E5 /* RMLocationViewController.swift */; };
		5B875C209B76727CACC2279A /* RMLinkListViewController.swift in Sources */ = {isa = PBXBuildFile; fileRef = 5B875879531B9E6E1B7534FF /* RMLinkListViewController.swift */; };
		5B875CAF5D8DE83BA9C44AE3 /* RMInspectPhotoViewController.swift in Sources */ = {isa = PBXBuildFile; fileRef = 5B875D4D877832B58FCB5BD5 /* RMInspectPhotoViewController.swift */; };
		5B875CC1EEBB8920D39869F6 /* RMContentViewController.swift in Sources */ = {isa = PBXBuildFile; fileRef = 5B87576D7E20E93BD98E0D2D /* RMContentViewController.swift */; };
		5B875CD2BC04971763CB0789 /* RMDeviceDetailViewController.swift in Sources */ = {isa = PBXBuildFile; fileRef = 5B8753317D77F462A62BD6F3 /* RMDeviceDetailViewController.swift */; };
		5B875CE7191BB981EA18AD25 /* LBXScanLineAnimation.swift in Sources */ = {isa = PBXBuildFile; fileRef = 5B87571FF2F4EC29E35C212C /* LBXScanLineAnimation.swift */; };
		5B875D2ED2FAF50E566EA8EE /* LBXScanWrapper.swift in Sources */ = {isa = PBXBuildFile; fileRef = 5B87518C92E52566B2D63135 /* LBXScanWrapper.swift */; };
		5B875D770FCDCD9CDA9054B2 /* RMCabinetDetailViewController.swift in Sources */ = {isa = PBXBuildFile; fileRef = 5B875957134395048A3C48B3 /* RMCabinetDetailViewController.swift */; };
		5B875DC2F317E57947D6DFE8 /* LBXScanViewStyle.swift in Sources */ = {isa = PBXBuildFile; fileRef = 5B87524E8CD1EB8CA6BFBEA7 /* LBXScanViewStyle.swift */; };
		5B875E1A68FC439C6B9D4ED5 /* RMPersonalCenterViewController.swift in Sources */ = {isa = PBXBuildFile; fileRef = 5B8758A1604250AB446104E4 /* RMPersonalCenterViewController.swift */; };
		5B875F830FC0F2B663391AEF /* RMDeviceListViewController.swift in Sources */ = {isa = PBXBuildFile; fileRef = 5B875AD3154A970B6CAAC4E2 /* RMDeviceListViewController.swift */; };
		D097AD6149BDF471AEB37461 /* Pods_ResourceManager.framework in Frameworks */ = {isa = PBXBuildFile; fileRef = D7A5250EB005BD868F340F58 /* Pods_ResourceManager.framework */; };
		D197FF263FCA7735213FA957 /* Pods_ResourceManagerUITests.framework in Frameworks */ = {isa = PBXBuildFile; fileRef = 60BC1AF07CFC7DE8E82A800D /* Pods_ResourceManagerUITests.framework */; };
/* End PBXBuildFile section */

/* Begin PBXContainerItemProxy section */
		269A48A71E822FD30024FC17 /* PBXContainerItemProxy */ = {
			isa = PBXContainerItemProxy;
			containerPortal = 269A488A1E822FD30024FC17 /* Project object */;
			proxyType = 1;
			remoteGlobalIDString = 269A48911E822FD30024FC17;
			remoteInfo = ResourceManager;
		};
		269A48B21E822FD30024FC17 /* PBXContainerItemProxy */ = {
			isa = PBXContainerItemProxy;
			containerPortal = 269A488A1E822FD30024FC17 /* Project object */;
			proxyType = 1;
			remoteGlobalIDString = 269A48911E822FD30024FC17;
			remoteInfo = ResourceManager;
		};
/* End PBXContainerItemProxy section */

/* Begin PBXFileReference section */
		1BC7CD2E51D927C3295F609B /* Pods-ResourceManagerUITests.release.xcconfig */ = {isa = PBXFileReference; includeInIndex = 1; lastKnownFileType = text.xcconfig; name = "Pods-ResourceManagerUITests.release.xcconfig"; path = "Pods/Target Support Files/Pods-ResourceManagerUITests/Pods-ResourceManagerUITests.release.xcconfig"; sourceTree = "<group>"; };
		260C10941E8A429900011A8E /* RMLoginViewModel.swift */ = {isa = PBXFileReference; fileEncoding = 4; lastKnownFileType = sourcecode.swift; path = RMLoginViewModel.swift; sourceTree = "<group>"; };
		260C109B1E8A593300011A8E /* RMLoginDomain.swift */ = {isa = PBXFileReference; fileEncoding = 4; lastKnownFileType = sourcecode.swift; path = RMLoginDomain.swift; sourceTree = "<group>"; };
		260C109F1E8A6F1800011A8E /* RMDataRepository.swift */ = {isa = PBXFileReference; fileEncoding = 4; lastKnownFileType = sourcecode.swift; path = RMDataRepository.swift; sourceTree = "<group>"; };
		260C10A11E8A6F2300011A8E /* RMDomain.swift */ = {isa = PBXFileReference; fileEncoding = 4; lastKnownFileType = sourcecode.swift; path = RMDomain.swift; sourceTree = "<group>"; };
		260C3C3F1E9CC9F500DE7C46 /* RMInspectListViewModel.swift */ = {isa = PBXFileReference; fileEncoding = 4; lastKnownFileType = sourcecode.swift; path = RMInspectListViewModel.swift; sourceTree = "<group>"; };
		260C3C411E9CCA5500DE7C46 /* RMInspectListDomain.swift */ = {isa = PBXFileReference; fileEncoding = 4; lastKnownFileType = sourcecode.swift; path = RMInspectListDomain.swift; sourceTree = "<group>"; };
		260C3C451E9CDA4300DE7C46 /* RMInspect.swift */ = {isa = PBXFileReference; fileEncoding = 4; lastKnownFileType = sourcecode.swift; path = RMInspect.swift; sourceTree = "<group>"; };
		260E96FD1EC60FF90040DBF8 /* RMDeviceModifyViewModel.swift */ = {isa = PBXFileReference; fileEncoding = 4; lastKnownFileType = sourcecode.swift; path = RMDeviceModifyViewModel.swift; sourceTree = "<group>"; };
		260E96FF1EC611A80040DBF8 /* RMDeviceModifyDomain.swift */ = {isa = PBXFileReference; fileEncoding = 4; lastKnownFileType = sourcecode.swift; path = RMDeviceModifyDomain.swift; sourceTree = "<group>"; };
		261BB2751EA5F852006AA306 /* RMSuggestViewModel.swift */ = {isa = PBXFileReference; fileEncoding = 4; lastKnownFileType = sourcecode.swift; path = RMSuggestViewModel.swift; sourceTree = "<group>"; };
		262AB6961E9B344C00986173 /* RMLinkScanViewModel.swift */ = {isa = PBXFileReference; fileEncoding = 4; lastKnownFileType = sourcecode.swift; path = RMLinkScanViewModel.swift; sourceTree = "<group>"; };
		262AB6981E9B345700986173 /* RMCabinetScanViewModel.swift */ = {isa = PBXFileReference; fileEncoding = 4; lastKnownFileType = sourcecode.swift; path = RMCabinetScanViewModel.swift; sourceTree = "<group>"; };
		262C7E7C1E8ACE53004BD333 /* RMRootViewController.swift */ = {isa = PBXFileReference; fileEncoding = 4; lastKnownFileType = sourcecode.swift; path = RMRootViewController.swift; sourceTree = "<group>"; };
		262C7E801E8ADDF8004BD333 /* RMStoryboardSegue.swift */ = {isa = PBXFileReference; fileEncoding = 4; lastKnownFileType = sourcecode.swift; path = RMStoryboardSegue.swift; sourceTree = "<group>"; };
		2632CAFE1E8B9D940064AF1E /* ResourceManager-Bridging-Header.h */ = {isa = PBXFileReference; lastKnownFileType = sourcecode.c.h; name = "ResourceManager-Bridging-Header.h"; path = "ResourceManager/ResourceManager-Bridging-Header.h"; sourceTree = SOURCE_ROOT; };
		2635D9CB1F5717B7000C407E /* RMResourceManagerViewController.swift */ = {isa = PBXFileReference; fileEncoding = 4; lastKnownFileType = sourcecode.swift; path = RMResourceManagerViewController.swift; sourceTree = "<group>"; };
		2635D9DE1F571F02000C407E /* RMSearchDomain.swift */ = {isa = PBXFileReference; fileEncoding = 4; lastKnownFileType = sourcecode.swift; path = RMSearchDomain.swift; sourceTree = "<group>"; };
		263A7EBB1E9D240200201500 /* RMInspectPhotoViewModel.swift */ = {isa = PBXFileReference; fileEncoding = 4; lastKnownFileType = sourcecode.swift; path = RMInspectPhotoViewModel.swift; sourceTree = "<group>"; };
		263FD31E1EAEFD7500EB7814 /* BDLocationManager.swift */ = {isa = PBXFileReference; fileEncoding = 4; lastKnownFileType = sourcecode.swift; path = BDLocationManager.swift; sourceTree = "<group>"; };
		26483F3A1EA1316600D6A3EC /* RMLinkDetailDomain.swift */ = {isa = PBXFileReference; fileEncoding = 4; lastKnownFileType = sourcecode.swift; path = RMLinkDetailDomain.swift; sourceTree = "<group>"; };
		26483F3C1EA1458B00D6A3EC /* RMInspectUploadDomain.swift */ = {isa = PBXFileReference; fileEncoding = 4; lastKnownFileType = sourcecode.swift; path = RMInspectUploadDomain.swift; sourceTree = "<group>"; };
		264D89FB1EA33FC4002B2A44 /* RMPersonalCenterViewModel.swift */ = {isa = PBXFileReference; fileEncoding = 4; lastKnownFileType = sourcecode.swift; path = RMPersonalCenterViewModel.swift; sourceTree = "<group>"; };
		264D89FD1EA37FD6002B2A44 /* RMPersonalCenterDomain.swift */ = {isa = PBXFileReference; fileEncoding = 4; lastKnownFileType = sourcecode.swift; path = RMPersonalCenterDomain.swift; sourceTree = "<group>"; };
		265653E71E825A7700F37064 /* RMModel.swift */ = {isa = PBXFileReference; fileEncoding = 4; lastKnownFileType = sourcecode.swift; path = RMModel.swift; sourceTree = "<group>"; };
		265653E91E825BC200F37064 /* RMUser.swift */ = {isa = PBXFileReference; fileEncoding = 4; lastKnownFileType = sourcecode.swift; path = RMUser.swift; sourceTree = "<group>"; };
		265653EF1E8279C600F37064 /* RMDog.swift */ = {isa = PBXFileReference; fileEncoding = 4; lastKnownFileType = sourcecode.swift; path = RMDog.swift; sourceTree = "<group>"; };
		265653F11E827A1300F37064 /* RMAnimal.swift */ = {isa = PBXFileReference; fileEncoding = 4; lastKnownFileType = sourcecode.swift; path = RMAnimal.swift; sourceTree = "<group>"; };
		266597811E95D7AB0035D344 /* RMLinkSearchViewModel.swift */ = {isa = PBXFileReference; fileEncoding = 4; lastKnownFileType = sourcecode.swift; path = RMLinkSearchViewModel.swift; sourceTree = "<group>"; };
		266597831E95D82A0035D344 /* RMLinkSearchDomain.swift */ = {isa = PBXFileReference; fileEncoding = 4; lastKnownFileType = sourcecode.swift; path = RMLinkSearchDomain.swift; sourceTree = "<group>"; };
		266F46351EB1026100E79F4D /* RMDeviceSearchViewModel.swift */ = {isa = PBXFileReference; fileEncoding = 4; lastKnownFileType = sourcecode.swift; path = RMDeviceSearchViewModel.swift; sourceTree = "<group>"; };
		266F46371EB102D500E79F4D /* RMDeviceSearchDomain.swift */ = {isa = PBXFileReference; fileEncoding = 4; lastKnownFileType = sourcecode.swift; path = RMDeviceSearchDomain.swift; sourceTree = "<group>"; };
		266F463B1EB225F100E79F4D /* RMDeviceScanViewModel.swift */ = {isa = PBXFileReference; fileEncoding = 4; lastKnownFileType = sourcecode.swift; path = RMDeviceScanViewModel.swift; sourceTree = "<group>"; };
		267035451E9F5D4D0049F0CC /* RMUploadScanViewModel.swift */ = {isa = PBXFileReference; fileEncoding = 4; lastKnownFileType = sourcecode.swift; path = RMUploadScanViewModel.swift; sourceTree = "<group>"; };
		2670EDE21E964FC900D2CA07 /* RMScanViewModel.swift */ = {isa = PBXFileReference; fileEncoding = 4; lastKnownFileType = sourcecode.swift; path = RMScanViewModel.swift; sourceTree = "<group>"; };
		2670EDE41E96522A00D2CA07 /* RMScanDomain.swift */ = {isa = PBXFileReference; fileEncoding = 4; lastKnownFileType = sourcecode.swift; path = RMScanDomain.swift; sourceTree = "<group>"; };
		2670EDE61E96536D00D2CA07 /* RMLinkDetailViewModel.swift */ = {isa = PBXFileReference; fileEncoding = 4; lastKnownFileType = sourcecode.swift; path = RMLinkDetailViewModel.swift; sourceTree = "<group>"; };
		2672C1001E8CE44900AD19EA /* RMError.swift */ = {isa = PBXFileReference; fileEncoding = 4; lastKnownFileType = sourcecode.swift; path = RMError.swift; sourceTree = "<group>"; };
		2672C1021E8CFABC00AD19EA /* Device+RMDevice.swift */ = {isa = PBXFileReference; fileEncoding = 4; lastKnownFileType = sourcecode.swift; path = "Device+RMDevice.swift"; sourceTree = "<group>"; };
		267316E61EB18C4500A848B3 /* RMDeviceListViewModel.swift */ = {isa = PBXFileReference; fileEncoding = 4; lastKnownFileType = sourcecode.swift; path = RMDeviceListViewModel.swift; sourceTree = "<group>"; };
		267641801E9B5647000EFB23 /* RMCabinet.swift */ = {isa = PBXFileReference; fileEncoding = 4; lastKnownFileType = sourcecode.swift; path = RMCabinet.swift; sourceTree = "<group>"; };
		267641821E9B5696000EFB23 /* RMDevice.swift */ = {isa = PBXFileReference; fileEncoding = 4; lastKnownFileType = sourcecode.swift; path = RMDevice.swift; sourceTree = "<group>"; };
		267641861E9B62F7000EFB23 /* RMCabinetDetailViewModel.swift */ = {isa = PBXFileReference; fileEncoding = 4; lastKnownFileType = sourcecode.swift; path = RMCabinetDetailViewModel.swift; sourceTree = "<group>"; };
		26786E8B1E9B221D00AB42FF /* RMSearchViewModel.swift */ = {isa = PBXFileReference; fileEncoding = 4; lastKnownFileType = sourcecode.swift; path = RMSearchViewModel.swift; sourceTree = "<group>"; };
		26786E8F1E9B25D600AB42FF /* RMCabinetSearchViewModel.swift */ = {isa = PBXFileReference; fileEncoding = 4; lastKnownFileType = sourcecode.swift; path = RMCabinetSearchViewModel.swift; sourceTree = "<group>"; };
		26786E911E9B263800AB42FF /* RMCabinetSearchDomain.swift */ = {isa = PBXFileReference; fileEncoding = 4; lastKnownFileType = sourcecode.swift; path = RMCabinetSearchDomain.swift; sourceTree = "<group>"; };
		26786E931E9B276700AB42FF /* RMCabinetListViewModel.swift */ = {isa = PBXFileReference; fileEncoding = 4; lastKnownFileType = sourcecode.swift; path = RMCabinetListViewModel.swift; sourceTree = "<group>"; };
		2681BC041ED53F8B00361033 /* PrintServices.swift */ = {isa = PBXFileReference; fileEncoding = 4; lastKnownFileType = sourcecode.swift; path = PrintServices.swift; sourceTree = "<group>"; };
		268B423B1E8F471200ADAC83 /* RMListViewModel.swift */ = {isa = PBXFileReference; fileEncoding = 4; lastKnownFileType = sourcecode.swift; path = RMListViewModel.swift; sourceTree = "<group>"; };
		268DEB3D1E9E182400056FC9 /* RMInspectUploadViewModel.swift */ = {isa = PBXFileReference; fileEncoding = 4; lastKnownFileType = sourcecode.swift; path = RMInspectUploadViewModel.swift; sourceTree = "<group>"; };
		26909D711EA4BD09008BE207 /* RMExchangePasswordViewModel.swift */ = {isa = PBXFileReference; fileEncoding = 4; lastKnownFileType = sourcecode.swift; path = RMExchangePasswordViewModel.swift; sourceTree = "<group>"; };
		26950F621ED331E80052D08A /* Data.h */ = {isa = PBXFileReference; fileEncoding = 4; lastKnownFileType = sourcecode.c.h; path = Data.h; sourceTree = "<group>"; };
		26950F631ED331E80052D08A /* Data.m */ = {isa = PBXFileReference; fileEncoding = 4; lastKnownFileType = sourcecode.c.objc; path = Data.m; sourceTree = "<group>"; };
		26950F711ED331E80052D08A /* ModelUtil.h */ = {isa = PBXFileReference; fileEncoding = 4; lastKnownFileType = sourcecode.c.h; path = ModelUtil.h; sourceTree = "<group>"; };
		26950F721ED331E80052D08A /* ModelUtil.m */ = {isa = PBXFileReference; fileEncoding = 4; lastKnownFileType = sourcecode.c.objc; path = ModelUtil.m; sourceTree = "<group>"; };
		26950F731ED331E80052D08A /* Print.h */ = {isa = PBXFileReference; fileEncoding = 4; lastKnownFileType = sourcecode.c.h; path = Print.h; sourceTree = "<group>"; };
		26950F741ED331E80052D08A /* Print.m */ = {isa = PBXFileReference; fileEncoding = 4; lastKnownFileType = sourcecode.c.objc; path = Print.m; sourceTree = "<group>"; };
		26950F751ED331E80052D08A /* XmlPrintData.h */ = {isa = PBXFileReference; fileEncoding = 4; lastKnownFileType = sourcecode.c.h; path = XmlPrintData.h; sourceTree = "<group>"; };
		26950F761ED331E80052D08A /* XmlPrintData.m */ = {isa = PBXFileReference; fileEncoding = 4; lastKnownFileType = sourcecode.c.objc; path = XmlPrintData.m; sourceTree = "<group>"; };
		26950F771ED331E80052D08A /* XmlUtil.h */ = {isa = PBXFileReference; fileEncoding = 4; lastKnownFileType = sourcecode.c.h; path = XmlUtil.h; sourceTree = "<group>"; };
		26950F781ED331E80052D08A /* XmlUtil.m */ = {isa = PBXFileReference; fileEncoding = 4; lastKnownFileType = sourcecode.c.objc; path = XmlUtil.m; sourceTree = "<group>"; };
		26950F7A1ED331E80052D08A /* libwewinprint.a */ = {isa = PBXFileReference; lastKnownFileType = archive.ar; path = libwewinprint.a; sourceTree = "<group>"; };
		26950F7B1ED331E80052D08A /* PrintBlock.h */ = {isa = PBXFileReference; fileEncoding = 4; lastKnownFileType = sourcecode.c.h; path = PrintBlock.h; sourceTree = "<group>"; };
		26950F7C1ED331E80052D08A /* printData.h */ = {isa = PBXFileReference; fileEncoding = 4; lastKnownFileType = sourcecode.c.h; path = printData.h; sourceTree = "<group>"; };
		26950F7D1ED331E80052D08A /* PrintHelper.h */ = {isa = PBXFileReference; fileEncoding = 4; lastKnownFileType = sourcecode.c.h; path = PrintHelper.h; sourceTree = "<group>"; };
		26950F7E1ED331E80052D08A /* PrintUtil.h */ = {isa = PBXFileReference; fileEncoding = 4; lastKnownFileType = sourcecode.c.h; path = PrintUtil.h; sourceTree = "<group>"; };
		26950F7F1ED331E80052D08A /* SocketConnect.h */ = {isa = PBXFileReference; fileEncoding = 4; lastKnownFileType = sourcecode.c.h; path = SocketConnect.h; sourceTree = "<group>"; };
		26950F801ED331E80052D08A /* wewinprint_a.h */ = {isa = PBXFileReference; fileEncoding = 4; lastKnownFileType = sourcecode.c.h; path = wewinprint_a.h; sourceTree = "<group>"; };
		26950F811ED331E80052D08A /* XImageUtil.h */ = {isa = PBXFileReference; fileEncoding = 4; lastKnownFileType = sourcecode.c.h; path = XImageUtil.h; sourceTree = "<group>"; };
		26950F831ED331E80052D08A /* LICENCE.txt */ = {isa = PBXFileReference; fileEncoding = 4; lastKnownFileType = text; path = LICENCE.txt; sourceTree = "<group>"; };
		26950F841ED331E80052D08A /* Reachability.h */ = {isa = PBXFileReference; fileEncoding = 4; lastKnownFileType = sourcecode.c.h; path = Reachability.h; sourceTree = "<group>"; };
		26950F851ED331E80052D08A /* Reachability.m */ = {isa = PBXFileReference; fileEncoding = 4; lastKnownFileType = sourcecode.c.objc; path = Reachability.m; sourceTree = "<group>"; };
		26950F861ED331E80052D08A /* README.md */ = {isa = PBXFileReference; fileEncoding = 4; lastKnownFileType = net.daringfireball.markdown; path = README.md; sourceTree = "<group>"; };
		2695130F1ED3346F0052D08A /* libxml2.2.tbd */ = {isa = PBXFileReference; lastKnownFileType = "sourcecode.text-based-dylib-definition"; name = libxml2.2.tbd; path = usr/lib/libxml2.2.tbd; sourceTree = SDKROOT; };
		269A48921E822FD30024FC17 /* ResourceManager.app */ = {isa = PBXFileReference; explicitFileType = wrapper.application; includeInIndex = 0; path = ResourceManager.app; sourceTree = BUILT_PRODUCTS_DIR; };
		269A48951E822FD30024FC17 /* RMAppDelegate.swift */ = {isa = PBXFileReference; lastKnownFileType = sourcecode.swift; path = RMAppDelegate.swift; sourceTree = "<group>"; };
		269A489A1E822FD30024FC17 /* Base */ = {isa = PBXFileReference; lastKnownFileType = file.storyboard; name = Base; path = Base.lproj/Main.storyboard; sourceTree = "<group>"; };
		269A489C1E822FD30024FC17 /* Assets.xcassets */ = {isa = PBXFileReference; lastKnownFileType = folder.assetcatalog; path = Assets.xcassets; sourceTree = "<group>"; };
		269A489F1E822FD30024FC17 /* Base */ = {isa = PBXFileReference; lastKnownFileType = file.storyboard; name = Base; path = Base.lproj/LaunchScreen.storyboard; sourceTree = "<group>"; };
		269A48A11E822FD30024FC17 /* Info.plist */ = {isa = PBXFileReference; lastKnownFileType = text.plist.xml; path = Info.plist; sourceTree = "<group>"; };
		269A48A61E822FD30024FC17 /* ResourceManagerTests.xctest */ = {isa = PBXFileReference; explicitFileType = wrapper.cfbundle; includeInIndex = 0; path = ResourceManagerTests.xctest; sourceTree = BUILT_PRODUCTS_DIR; };
		269A48AA1E822FD30024FC17 /* ResourceManagerTests.swift */ = {isa = PBXFileReference; lastKnownFileType = sourcecode.swift; path = ResourceManagerTests.swift; sourceTree = "<group>"; };
		269A48AC1E822FD30024FC17 /* Info.plist */ = {isa = PBXFileReference; lastKnownFileType = text.plist.xml; path = Info.plist; sourceTree = "<group>"; };
		269A48B11E822FD30024FC17 /* ResourceManagerUITests.xctest */ = {isa = PBXFileReference; explicitFileType = wrapper.cfbundle; includeInIndex = 0; path = ResourceManagerUITests.xctest; sourceTree = BUILT_PRODUCTS_DIR; };
		269A48B51E822FD30024FC17 /* ResourceManagerUITests.swift */ = {isa = PBXFileReference; lastKnownFileType = sourcecode.swift; path = ResourceManagerUITests.swift; sourceTree = "<group>"; };
		269A48B71E822FD30024FC17 /* Info.plist */ = {isa = PBXFileReference; lastKnownFileType = text.plist.xml; path = Info.plist; sourceTree = "<group>"; };
		269C8CA81E8F9E400049970E /* RMScanViewController.swift */ = {isa = PBXFileReference; fileEncoding = 4; lastKnownFileType = sourcecode.swift; path = RMScanViewController.swift; sourceTree = "<group>"; };
		269C8CAA1E8FA5350049970E /* CodeScan.bundle */ = {isa = PBXFileReference; lastKnownFileType = "wrapper.plug-in"; path = CodeScan.bundle; sourceTree = "<group>"; };
		269C8CAF1E8FB33B0049970E /* RMLink.swift */ = {isa = PBXFileReference; fileEncoding = 4; lastKnownFileType = sourcecode.swift; path = RMLink.swift; sourceTree = "<group>"; };
		26B189D01E9E8F9500A67B53 /* LocationManager.swift */ = {isa = PBXFileReference; fileEncoding = 4; lastKnownFileType = sourcecode.swift; path = LocationManager.swift; sourceTree = "<group>"; };
		26BFE8AE1E9E7CD100A636AA /* RMLocationViewModel.swift */ = {isa = PBXFileReference; fileEncoding = 4; lastKnownFileType = sourcecode.swift; path = RMLocationViewModel.swift; sourceTree = "<group>"; };
		26C7C7AE1EAE3438006AC792 /* RMRootViewModel.swift */ = {isa = PBXFileReference; fileEncoding = 4; lastKnownFileType = sourcecode.swift; path = RMRootViewModel.swift; sourceTree = "<group>"; };
		26C7C7B01EAE3CD0006AC792 /* NSDate+RM.swift */ = {isa = PBXFileReference; fileEncoding = 4; lastKnownFileType = sourcecode.swift; name = "NSDate+RM.swift"; path = "ResourceManager/ViewModels/NSDate+RM.swift"; sourceTree = SOURCE_ROOT; };
		26CB6A7D1E978B840092E3E9 /* RMResourceManagerViewModel.swift */ = {isa = PBXFileReference; fileEncoding = 4; lastKnownFileType = sourcecode.swift; path = RMResourceManagerViewModel.swift; sourceTree = "<group>"; };
		26CB6A811E9795500092E3E9 /* RMLinkListViewModel.swift */ = {isa = PBXFileReference; fileEncoding = 4; lastKnownFileType = sourcecode.swift; path = RMLinkListViewModel.swift; sourceTree = "<group>"; };
		26D85E441EA079AE0036EBDF /* RMDeviceDetailViewModel.swift */ = {isa = PBXFileReference; fileEncoding = 4; lastKnownFileType = sourcecode.swift; path = RMDeviceDetailViewModel.swift; sourceTree = "<group>"; };
		26E0C2F41E837B0300C7C388 /* RMNetworkServices.swift */ = {isa = PBXFileReference; fileEncoding = 4; lastKnownFileType = sourcecode.swift; path = RMNetworkServices.swift; sourceTree = "<group>"; };
		26E0C2F61E83A86A00C7C388 /* RMResponseObject.swift */ = {isa = PBXFileReference; fileEncoding = 4; lastKnownFileType = sourcecode.swift; path = RMResponseObject.swift; sourceTree = "<group>"; };
		26EFFA411F715927008263DC /* RMLocationDomain.swift */ = {isa = PBXFileReference; fileEncoding = 4; lastKnownFileType = sourcecode.swift; path = RMLocationDomain.swift; sourceTree = "<group>"; };
		26EFFA431F716857008263DC /* RMInspectPhotoDomain.swift */ = {isa = PBXFileReference; fileEncoding = 4; lastKnownFileType = sourcecode.swift; path = RMInspectPhotoDomain.swift; sourceTree = "<group>"; };
		26F798A21F570940009E6382 /* RMLoginViewController.swift */ = {isa = PBXFileReference; fileEncoding = 4; lastKnownFileType = sourcecode.swift; path = RMLoginViewController.swift; sourceTree = "<group>"; };
		26F798A41F57130F009E6382 /* RMResourceManagerDomain.swift */ = {isa = PBXFileReference; fileEncoding = 4; lastKnownFileType = sourcecode.swift; path = RMResourceManagerDomain.swift; sourceTree = "<group>"; };
		5B8750DEC95FB7871BFE6B9D /* RMTabBarViewController.swift */ = {isa = PBXFileReference; fileEncoding = 4; lastKnownFileType = sourcecode.swift; path = RMTabBarViewController.swift; sourceTree = "<group>"; };
		5B875100AC99E77DAE1F47C0 /* LBXScanNetAnimation.swift */ = {isa = PBXFileReference; fileEncoding = 4; lastKnownFileType = sourcecode.swift; path = LBXScanNetAnimation.swift; sourceTree = "<group>"; };
		5B87516333583AAD1C874FCD /* LBXScanView.swift */ = {isa = PBXFileReference; fileEncoding = 4; lastKnownFileType = sourcecode.swift; path = LBXScanView.swift; sourceTree = "<group>"; };
		5B87518C92E52566B2D63135 /* LBXScanWrapper.swift */ = {isa = PBXFileReference; fileEncoding = 4; lastKnownFileType = sourcecode.swift; path = LBXScanWrapper.swift; sourceTree = "<group>"; };
		5B87524E8CD1EB8CA6BFBEA7 /* LBXScanViewStyle.swift */ = {isa = PBXFileReference; fileEncoding = 4; lastKnownFileType = sourcecode.swift; path = LBXScanViewStyle.swift; sourceTree = "<group>"; };
		5B87526D5C67C89A7D2D6351 /* RMSuggestViewController.swift */ = {isa = PBXFileReference; fileEncoding = 4; lastKnownFileType = sourcecode.swift; path = RMSuggestViewController.swift; sourceTree = "<group>"; };
		5B8753317D77F462A62BD6F3 /* RMDeviceDetailViewController.swift */ = {isa = PBXFileReference; fileEncoding = 4; lastKnownFileType = sourcecode.swift; path = RMDeviceDetailViewController.swift; sourceTree = "<group>"; };
		5B8754B52BABD563A2E56C89 /* RMInspectUploadViewController.swift */ = {isa = PBXFileReference; fileEncoding = 4; lastKnownFileType = sourcecode.swift; path = RMInspectUploadViewController.swift; sourceTree = "<group>"; };
		5B8755983DDE9B0A046D6BF8 /* RMExchangePasswordViewController.swift */ = {isa = PBXFileReference; fileEncoding = 4; lastKnownFileType = sourcecode.swift; path = RMExchangePasswordViewController.swift; sourceTree = "<group>"; };
		5B87571FF2F4EC29E35C212C /* LBXScanLineAnimation.swift */ = {isa = PBXFileReference; fileEncoding = 4; lastKnownFileType = sourcecode.swift; path = LBXScanLineAnimation.swift; sourceTree = "<group>"; };
		5B87576D7E20E93BD98E0D2D /* RMContentViewController.swift */ = {isa = PBXFileReference; fileEncoding = 4; lastKnownFileType = sourcecode.swift; path = RMContentViewController.swift; sourceTree = "<group>"; };
		5B8757C0E57E11EF55A40FFD /* RMInspectListViewController.swift */ = {isa = PBXFileReference; fileEncoding = 4; lastKnownFileType = sourcecode.swift; path = RMInspectListViewController.swift; sourceTree = "<group>"; };
		5B8757F1CCF30DC9E3C2D53F /* RMSearchViewController.swift */ = {isa = PBXFileReference; fileEncoding = 4; lastKnownFileType = sourcecode.swift; path = RMSearchViewController.swift; sourceTree = "<group>"; };
		5B875879531B9E6E1B7534FF /* RMLinkListViewController.swift */ = {isa = PBXFileReference; fileEncoding = 4; lastKnownFileType = sourcecode.swift; path = RMLinkListViewController.swift; sourceTree = "<group>"; };
		5B8758A1604250AB446104E4 /* RMPersonalCenterViewController.swift */ = {isa = PBXFileReference; fileEncoding = 4; lastKnownFileType = sourcecode.swift; path = RMPersonalCenterViewController.swift; sourceTree = "<group>"; };
		5B875957134395048A3C48B3 /* RMCabinetDetailViewController.swift */ = {isa = PBXFileReference; fileEncoding = 4; lastKnownFileType = sourcecode.swift; path = RMCabinetDetailViewController.swift; sourceTree = "<group>"; };
		5B8759B91CD63C988F7B6FF0 /* RMCabinetListViewController.swift */ = {isa = PBXFileReference; fileEncoding = 4; lastKnownFileType = sourcecode.swift; path = RMCabinetListViewController.swift; sourceTree = "<group>"; };
		5B8759E9E01310C11B4B00E8 /* RMCabinetDetailDomain.swift */ = {isa = PBXFileReference; fileEncoding = 4; lastKnownFileType = sourcecode.swift; path = RMCabinetDetailDomain.swift; sourceTree = "<group>"; };
		5B875AD3154A970B6CAAC4E2 /* RMDeviceListViewController.swift */ = {isa = PBXFileReference; fileEncoding = 4; lastKnownFileType = sourcecode.swift; path = RMDeviceListViewController.swift; sourceTree = "<group>"; };
		5B875B62AE80F8ABA7DA0907 /* RMCabinetDeviceDetailViewController.swift */ = {isa = PBXFileReference; fileEncoding = 4; lastKnownFileType = sourcecode.swift; path = RMCabinetDeviceDetailViewController.swift; sourceTree = "<group>"; };
		5B875B6E81C67B996CBB86D2 /* RMLinkDetailViewController.swift */ = {isa = PBXFileReference; fileEncoding = 4; lastKnownFileType = sourcecode.swift; path = RMLinkDetailViewController.swift; sourceTree = "<group>"; };
		5B875C3B2254E34F9EE16756 /* LBXScanViewController.swift */ = {isa = PBXFileReference; fileEncoding = 4; lastKnownFileType = sourcecode.swift; path = LBXScanViewController.swift; sourceTree = "<group>"; };
		5B875CA008787D4F66BEDE07 /* RMHelpViewController.swift */ = {isa = PBXFileReference; fileEncoding = 4; lastKnownFileType = sourcecode.swift; path = RMHelpViewController.swift; sourceTree = "<group>"; };
		5B875D468D382111810011E5 /* RMLocationViewController.swift */ = {isa = PBXFileReference; fileEncoding = 4; lastKnownFileType = sourcecode.swift; path = RMLocationViewController.swift; sourceTree = "<group>"; };
		5B875D4D877832B58FCB5BD5 /* RMInspectPhotoViewController.swift */ = {isa = PBXFileReference; fileEncoding = 4; lastKnownFileType = sourcecode.swift; path = RMInspectPhotoViewController.swift; sourceTree = "<group>"; };
		5B875F6E17FA0A6AEC6F4C8A /* LBXPermissions.swift */ = {isa = PBXFileReference; fileEncoding = 4; lastKnownFileType = sourcecode.swift; path = LBXPermissions.swift; sourceTree = "<group>"; };
		60BC1AF07CFC7DE8E82A800D /* Pods_ResourceManagerUITests.framework */ = {isa = PBXFileReference; explicitFileType = wrapper.framework; includeInIndex = 0; path = Pods_ResourceManagerUITests.framework; sourceTree = BUILT_PRODUCTS_DIR; };
		6326FA90DF8232AA91C5506A /* Pods-ResourceManager.release.xcconfig */ = {isa = PBXFileReference; includeInIndex = 1; lastKnownFileType = text.xcconfig; name = "Pods-ResourceManager.release.xcconfig"; path = "Pods/Target Support Files/Pods-ResourceManager/Pods-ResourceManager.release.xcconfig"; sourceTree = "<group>"; };
		7B2D54B3294D414F3F399907 /* Pods_ResourceManagerTests.framework */ = {isa = PBXFileReference; explicitFileType = wrapper.framework; includeInIndex = 0; path = Pods_ResourceManagerTests.framework; sourceTree = BUILT_PRODUCTS_DIR; };
		8428DE6107C32288740BD1F2 /* Pods-ResourceManagerTests.release.xcconfig */ = {isa = PBXFileReference; includeInIndex = 1; lastKnownFileType = text.xcconfig; name = "Pods-ResourceManagerTests.release.xcconfig"; path = "Pods/Target Support Files/Pods-ResourceManagerTests/Pods-ResourceManagerTests.release.xcconfig"; sourceTree = "<group>"; };
		B2E29D2AB504AE9928FD1091 /* Pods-ResourceManager.debug.xcconfig */ = {isa = PBXFileReference; includeInIndex = 1; lastKnownFileType = text.xcconfig; name = "Pods-ResourceManager.debug.xcconfig"; path = "Pods/Target Support Files/Pods-ResourceManager/Pods-ResourceManager.debug.xcconfig"; sourceTree = "<group>"; };
		BF5D75472B9E36B01719BD68 /* Pods-ResourceManagerTests.debug.xcconfig */ = {isa = PBXFileReference; includeInIndex = 1; lastKnownFileType = text.xcconfig; name = "Pods-ResourceManagerTests.debug.xcconfig"; path = "Pods/Target Support Files/Pods-ResourceManagerTests/Pods-ResourceManagerTests.debug.xcconfig"; sourceTree = "<group>"; };
		C5437833986269D0A42AD3F0 /* Pods-ResourceManagerUITests.debug.xcconfig */ = {isa = PBXFileReference; includeInIndex = 1; lastKnownFileType = text.xcconfig; name = "Pods-ResourceManagerUITests.debug.xcconfig"; path = "Pods/Target Support Files/Pods-ResourceManagerUITests/Pods-ResourceManagerUITests.debug.xcconfig"; sourceTree = "<group>"; };
		D7A5250EB005BD868F340F58 /* Pods_ResourceManager.framework */ = {isa = PBXFileReference; explicitFileType = wrapper.framework; includeInIndex = 0; path = Pods_ResourceManager.framework; sourceTree = BUILT_PRODUCTS_DIR; };
/* End PBXFileReference section */

/* Begin PBXFrameworksBuildPhase section */
		269A488F1E822FD30024FC17 /* Frameworks */ = {
			isa = PBXFrameworksBuildPhase;
			buildActionMask = 2147483647;
			files = (
				269513101ED3346F0052D08A /* libxml2.2.tbd in Frameworks */,
				2695122F1ED331E90052D08A /* libwewinprint.a in Frameworks */,
				D097AD6149BDF471AEB37461 /* Pods_ResourceManager.framework in Frameworks */,
			);
			runOnlyForDeploymentPostprocessing = 0;
		};
		269A48A31E822FD30024FC17 /* Frameworks */ = {
			isa = PBXFrameworksBuildPhase;
			buildActionMask = 2147483647;
			files = (
				013EDF76E7B77030D0A1A47A /* Pods_ResourceManagerTests.framework in Frameworks */,
			);
			runOnlyForDeploymentPostprocessing = 0;
		};
		269A48AE1E822FD30024FC17 /* Frameworks */ = {
			isa = PBXFrameworksBuildPhase;
			buildActionMask = 2147483647;
			files = (
				D197FF263FCA7735213FA957 /* Pods_ResourceManagerUITests.framework in Frameworks */,
			);
			runOnlyForDeploymentPostprocessing = 0;
		};
/* End PBXFrameworksBuildPhase section */

/* Begin PBXGroup section */
		26950F611ED331E80052D08A /* printExtra */ = {
			isa = PBXGroup;
			children = (
				26950F621ED331E80052D08A /* Data.h */,
				26950F631ED331E80052D08A /* Data.m */,
				26950F711ED331E80052D08A /* ModelUtil.h */,
				26950F721ED331E80052D08A /* ModelUtil.m */,
				26950F731ED331E80052D08A /* Print.h */,
				26950F741ED331E80052D08A /* Print.m */,
				26950F751ED331E80052D08A /* XmlPrintData.h */,
				26950F761ED331E80052D08A /* XmlPrintData.m */,
				26950F771ED331E80052D08A /* XmlUtil.h */,
				26950F781ED331E80052D08A /* XmlUtil.m */,
			);
			path = printExtra;
			sourceTree = "<group>";
		};
		26950F791ED331E80052D08A /* printLib */ = {
			isa = PBXGroup;
			children = (
				26950F7A1ED331E80052D08A /* libwewinprint.a */,
				26950F7B1ED331E80052D08A /* PrintBlock.h */,
				26950F7C1ED331E80052D08A /* printData.h */,
				26950F7D1ED331E80052D08A /* PrintHelper.h */,
				26950F7E1ED331E80052D08A /* PrintUtil.h */,
				26950F7F1ED331E80052D08A /* SocketConnect.h */,
				26950F801ED331E80052D08A /* wewinprint_a.h */,
				26950F811ED331E80052D08A /* XImageUtil.h */,
			);
			path = printLib;
			sourceTree = "<group>";
		};
		26950F821ED331E80052D08A /* Reachability */ = {
			isa = PBXGroup;
			children = (
				26950F831ED331E80052D08A /* LICENCE.txt */,
				26950F841ED331E80052D08A /* Reachability.h */,
				26950F851ED331E80052D08A /* Reachability.m */,
				26950F861ED331E80052D08A /* README.md */,
			);
			path = Reachability;
			sourceTree = "<group>";
		};
		269A48891E822FD30024FC17 = {
			isa = PBXGroup;
			children = (
				269A48941E822FD30024FC17 /* ResourceManager */,
				269A48A91E822FD30024FC17 /* ResourceManagerTests */,
				269A48B41E822FD30024FC17 /* ResourceManagerUITests */,
				269A48931E822FD30024FC17 /* Products */,
				9C90C600F0D336A760BCD80B /* Pods */,
				7715C9C96F5F2330EF24B99A /* Frameworks */,
			);
			sourceTree = "<group>";
		};
		269A48931E822FD30024FC17 /* Products */ = {
			isa = PBXGroup;
			children = (
				269A48921E822FD30024FC17 /* ResourceManager.app */,
				269A48A61E822FD30024FC17 /* ResourceManagerTests.xctest */,
				269A48B11E822FD30024FC17 /* ResourceManagerUITests.xctest */,
			);
			name = Products;
			sourceTree = "<group>";
		};
		269A48941E822FD30024FC17 /* ResourceManager */ = {
			isa = PBXGroup;
			children = (
				269A48951E822FD30024FC17 /* RMAppDelegate.swift */,
				5B8755F77DEA6057E7FBDD58 /* Views */,
				5B875B08AD75AEE4268E89F5 /* ViewModels */,
				5B875BF820F0D1159EB51853 /* Domain */,
				5B87568BE203B1FB3F418888 /* Data */,
				5B87502A8DF8904F050CCFBE /* Services */,
				5B87581C2581DE97C54A91FE /* Model */,
				269C8CAA1E8FA5350049970E /* CodeScan.bundle */,
				269A48991E822FD30024FC17 /* Main.storyboard */,
				269A489C1E822FD30024FC17 /* Assets.xcassets */,
				269A489E1E822FD30024FC17 /* LaunchScreen.storyboard */,
				2632CAFE1E8B9D940064AF1E /* ResourceManager-Bridging-Header.h */,
				269A48A11E822FD30024FC17 /* Info.plist */,
				5B875A17F03BC72127A7EA6B /* SKDs */,
			);
			path = ResourceManager;
			sourceTree = "<group>";
		};
		269A48A91E822FD30024FC17 /* ResourceManagerTests */ = {
			isa = PBXGroup;
			children = (
				269A48AA1E822FD30024FC17 /* ResourceManagerTests.swift */,
				269A48AC1E822FD30024FC17 /* Info.plist */,
			);
			path = ResourceManagerTests;
			sourceTree = "<group>";
		};
		269A48B41E822FD30024FC17 /* ResourceManagerUITests */ = {
			isa = PBXGroup;
			children = (
				269A48B51E822FD30024FC17 /* ResourceManagerUITests.swift */,
				269A48B71E822FD30024FC17 /* Info.plist */,
			);
			path = ResourceManagerUITests;
			sourceTree = "<group>";
		};
		5B87502A8DF8904F050CCFBE /* Services */ = {
			isa = PBXGroup;
			children = (
				26B189D01E9E8F9500A67B53 /* LocationManager.swift */,
				263FD31E1EAEFD7500EB7814 /* BDLocationManager.swift */,
				26E0C2F41E837B0300C7C388 /* RMNetworkServices.swift */,
				2672C1001E8CE44900AD19EA /* RMError.swift */,
				2672C1021E8CFABC00AD19EA /* Device+RMDevice.swift */,
				2681BC041ED53F8B00361033 /* PrintServices.swift */,
			);
			path = Services;
			sourceTree = "<group>";
		};
		5B875381367F34F26B5CDC5B /* TabBar */ = {
			isa = PBXGroup;
			children = (
				5B8750DEC95FB7871BFE6B9D /* RMTabBarViewController.swift */,
				5B875F35448E180E46149BD2 /* Main */,
				5B875B79D0FCCC1B4251B5CD /* Common */,
				5B8757E02A7079DA9F3B5C88 /* Mine */,
				5B875BBCC91405F61D462FEB /* Inspect */,
			);
			path = TabBar;
			sourceTree = "<group>";
		};
		5B87556AB3C4FD3DDBBB4E54 /* Link */ = {
			isa = PBXGroup;
			children = (
				5B875879531B9E6E1B7534FF /* RMLinkListViewController.swift */,
				5B875B6E81C67B996CBB86D2 /* RMLinkDetailViewController.swift */,
				5B875AD3154A970B6CAAC4E2 /* RMDeviceListViewController.swift */,
				5B8753317D77F462A62BD6F3 /* RMDeviceDetailViewController.swift */,
			);
			path = Link;
			sourceTree = "<group>";
		};
		5B8755F77DEA6057E7FBDD58 /* Views */ = {
			isa = PBXGroup;
			children = (
				262C7E801E8ADDF8004BD333 /* RMStoryboardSegue.swift */,
				262C7E7C1E8ACE53004BD333 /* RMRootViewController.swift */,
				269C8CA81E8F9E400049970E /* RMScanViewController.swift */,
				5B875C2CC77C2CD5EFE0CDA4 /* Extension */,
				5B875822364BC358ACFC2C22 /* Login */,
				5B875381367F34F26B5CDC5B /* TabBar */,
			);
			path = Views;
			sourceTree = "<group>";
		};
		5B87568BE203B1FB3F418888 /* Data */ = {
			isa = PBXGroup;
			children = (
				260C109F1E8A6F1800011A8E /* RMDataRepository.swift */,
			);
			path = Data;
			sourceTree = "<group>";
		};
		5B8757E02A7079DA9F3B5C88 /* Mine */ = {
			isa = PBXGroup;
			children = (
				5B8755983DDE9B0A046D6BF8 /* RMExchangePasswordViewController.swift */,
				5B8758A1604250AB446104E4 /* RMPersonalCenterViewController.swift */,
				5B875CA008787D4F66BEDE07 /* RMHelpViewController.swift */,
				5B87526D5C67C89A7D2D6351 /* RMSuggestViewController.swift */,
			);
			path = Mine;
			sourceTree = "<group>";
		};
		5B87581C2581DE97C54A91FE /* Model */ = {
			isa = PBXGroup;
			children = (
				260C3C451E9CDA4300DE7C46 /* RMInspect.swift */,
				265653E71E825A7700F37064 /* RMModel.swift */,
				265653E91E825BC200F37064 /* RMUser.swift */,
				269C8CAF1E8FB33B0049970E /* RMLink.swift */,
				265653EF1E8279C600F37064 /* RMDog.swift */,
				267641801E9B5647000EFB23 /* RMCabinet.swift */,
				267641821E9B5696000EFB23 /* RMDevice.swift */,
				265653F11E827A1300F37064 /* RMAnimal.swift */,
				26E0C2F61E83A86A00C7C388 /* RMResponseObject.swift */,
			);
			path = Model;
			sourceTree = "<group>";
		};
		5B875822364BC358ACFC2C22 /* Login */ = {
			isa = PBXGroup;
			children = (
				26F798A21F570940009E6382 /* RMLoginViewController.swift */,
			);
			path = Login;
			sourceTree = "<group>";
		};
		5B875A17F03BC72127A7EA6B /* SKDs */ = {
			isa = PBXGroup;
			children = (
				26950F611ED331E80052D08A /* printExtra */,
				26950F791ED331E80052D08A /* printLib */,
				26950F821ED331E80052D08A /* Reachability */,
			);
			path = SKDs;
			sourceTree = "<group>";
		};
		5B875B08AD75AEE4268E89F5 /* ViewModels */ = {
			isa = PBXGroup;
			children = (
				26D85E441EA079AE0036EBDF /* RMDeviceDetailViewModel.swift */,
				26EFFA431F716857008263DC /* RMInspectPhotoDomain.swift */,
				26C7C7AE1EAE3438006AC792 /* RMRootViewModel.swift */,
				260C10941E8A429900011A8E /* RMLoginViewModel.swift */,
				264D89FB1EA33FC4002B2A44 /* RMPersonalCenterViewModel.swift */,
				268B423B1E8F471200ADAC83 /* RMListViewModel.swift */,
				266597811E95D7AB0035D344 /* RMLinkSearchViewModel.swift */,
				26786E8F1E9B25D600AB42FF /* RMCabinetSearchViewModel.swift */,
				266F46351EB1026100E79F4D /* RMDeviceSearchViewModel.swift */,
				26786E931E9B276700AB42FF /* RMCabinetListViewModel.swift */,
				26786E8B1E9B221D00AB42FF /* RMSearchViewModel.swift */,
				26CB6A811E9795500092E3E9 /* RMLinkListViewModel.swift */,
				267316E61EB18C4500A848B3 /* RMDeviceListViewModel.swift */,
				26BFE8AE1E9E7CD100A636AA /* RMLocationViewModel.swift */,
				260C3C3F1E9CC9F500DE7C46 /* RMInspectListViewModel.swift */,
				2670EDE61E96536D00D2CA07 /* RMLinkDetailViewModel.swift */,
				2670EDE21E964FC900D2CA07 /* RMScanViewModel.swift */,
				262AB6961E9B344C00986173 /* RMLinkScanViewModel.swift */,
				267035451E9F5D4D0049F0CC /* RMUploadScanViewModel.swift */,
				262AB6981E9B345700986173 /* RMCabinetScanViewModel.swift */,
				266F463B1EB225F100E79F4D /* RMDeviceScanViewModel.swift */,
				26CB6A7D1E978B840092E3E9 /* RMResourceManagerViewModel.swift */,
				268DEB3D1E9E182400056FC9 /* RMInspectUploadViewModel.swift */,
				267641861E9B62F7000EFB23 /* RMCabinetDetailViewModel.swift */,
				263A7EBB1E9D240200201500 /* RMInspectPhotoViewModel.swift */,
				26909D711EA4BD09008BE207 /* RMExchangePasswordViewModel.swift */,
				261BB2751EA5F852006AA306 /* RMSuggestViewModel.swift */,
				260E96FD1EC60FF90040DBF8 /* RMDeviceModifyViewModel.swift */,
			);
			path = ViewModels;
			sourceTree = "<group>";
		};
		5B875B79D0FCCC1B4251B5CD /* Common */ = {
			isa = PBXGroup;
			children = (
				5B8757F1CCF30DC9E3C2D53F /* RMSearchViewController.swift */,
				5B875BB3DA4EDAC253A435EF /* Scan */,
			);
			path = Common;
			sourceTree = "<group>";
		};
		5B875BB22F7342602E3C29EF /* Cabinet */ = {
			isa = PBXGroup;
			children = (
				5B8759B91CD63C988F7B6FF0 /* RMCabinetListViewController.swift */,
				5B875957134395048A3C48B3 /* RMCabinetDetailViewController.swift */,
				5B875B62AE80F8ABA7DA0907 /* RMCabinetDeviceDetailViewController.swift */,
			);
			path = Cabinet;
			sourceTree = "<group>";
		};
		5B875BB3DA4EDAC253A435EF /* Scan */ = {
			isa = PBXGroup;
			children = (
				5B875F6E17FA0A6AEC6F4C8A /* LBXPermissions.swift */,
				5B87571FF2F4EC29E35C212C /* LBXScanLineAnimation.swift */,
				5B875100AC99E77DAE1F47C0 /* LBXScanNetAnimation.swift */,
				5B87516333583AAD1C874FCD /* LBXScanView.swift */,
				5B875C3B2254E34F9EE16756 /* LBXScanViewController.swift */,
				5B87524E8CD1EB8CA6BFBEA7 /* LBXScanViewStyle.swift */,
				5B87518C92E52566B2D63135 /* LBXScanWrapper.swift */,
			);
			path = Scan;
			sourceTree = "<group>";
		};
		5B875BBCC91405F61D462FEB /* Inspect */ = {
			isa = PBXGroup;
			children = (
				5B8757C0E57E11EF55A40FFD /* RMInspectListViewController.swift */,
				5B875D4D877832B58FCB5BD5 /* RMInspectPhotoViewController.swift */,
				5B8754B52BABD563A2E56C89 /* RMInspectUploadViewController.swift */,
				5B87576D7E20E93BD98E0D2D /* RMContentViewController.swift */,
				5B875D468D382111810011E5 /* RMLocationViewController.swift */,
			);
			path = Inspect;
			sourceTree = "<group>";
		};
		5B875BF820F0D1159EB51853 /* Domain */ = {
			isa = PBXGroup;
			children = (
				260C109B1E8A593300011A8E /* RMLoginDomain.swift */,
				26EFFA411F715927008263DC /* RMLocationDomain.swift */,
				266597831E95D82A0035D344 /* RMLinkSearchDomain.swift */,
				26786E911E9B263800AB42FF /* RMCabinetSearchDomain.swift */,
				26483F3A1EA1316600D6A3EC /* RMLinkDetailDomain.swift */,
				260C10A11E8A6F2300011A8E /* RMDomain.swift */,
				2670EDE41E96522A00D2CA07 /* RMScanDomain.swift */,
				260C3C411E9CCA5500DE7C46 /* RMInspectListDomain.swift */,
				26483F3C1EA1458B00D6A3EC /* RMInspectUploadDomain.swift */,
				264D89FD1EA37FD6002B2A44 /* RMPersonalCenterDomain.swift */,
				266F46371EB102D500E79F4D /* RMDeviceSearchDomain.swift */,
				2635D9DE1F571F02000C407E /* RMSearchDomain.swift */,
				5B8759E9E01310C11B4B00E8 /* RMCabinetDetailDomain.swift */,
				260E96FF1EC611A80040DBF8 /* RMDeviceModifyDomain.swift */,
				26F798A41F57130F009E6382 /* RMResourceManagerDomain.swift */,
			);
			path = Domain;
			sourceTree = "<group>";
		};
		5B875C2CC77C2CD5EFE0CDA4 /* Extension */ = {
			isa = PBXGroup;
			children = (
				26C7C7B01EAE3CD0006AC792 /* NSDate+RM.swift */,
			);
			path = Extension;
			sourceTree = "<group>";
		};
		5B875F35448E180E46149BD2 /* Main */ = {
			isa = PBXGroup;
			children = (
				2635D9CB1F5717B7000C407E /* RMResourceManagerViewController.swift */,
				5B875BB22F7342602E3C29EF /* Cabinet */,
				5B87556AB3C4FD3DDBBB4E54 /* Link */,
			);
			path = Main;
			sourceTree = "<group>";
		};
		7715C9C96F5F2330EF24B99A /* Frameworks */ = {
			isa = PBXGroup;
			children = (
				2695130F1ED3346F0052D08A /* libxml2.2.tbd */,
				D7A5250EB005BD868F340F58 /* Pods_ResourceManager.framework */,
				7B2D54B3294D414F3F399907 /* Pods_ResourceManagerTests.framework */,
				60BC1AF07CFC7DE8E82A800D /* Pods_ResourceManagerUITests.framework */,
			);
			name = Frameworks;
			sourceTree = "<group>";
		};
		9C90C600F0D336A760BCD80B /* Pods */ = {
			isa = PBXGroup;
			children = (
				B2E29D2AB504AE9928FD1091 /* Pods-ResourceManager.debug.xcconfig */,
				6326FA90DF8232AA91C5506A /* Pods-ResourceManager.release.xcconfig */,
				BF5D75472B9E36B01719BD68 /* Pods-ResourceManagerTests.debug.xcconfig */,
				8428DE6107C32288740BD1F2 /* Pods-ResourceManagerTests.release.xcconfig */,
				C5437833986269D0A42AD3F0 /* Pods-ResourceManagerUITests.debug.xcconfig */,
				1BC7CD2E51D927C3295F609B /* Pods-ResourceManagerUITests.release.xcconfig */,
			);
			name = Pods;
			sourceTree = "<group>";
		};
/* End PBXGroup section */

/* Begin PBXNativeTarget section */
		269A48911E822FD30024FC17 /* ResourceManager */ = {
			isa = PBXNativeTarget;
			buildConfigurationList = 269A48BA1E822FD30024FC17 /* Build configuration list for PBXNativeTarget "ResourceManager" */;
			buildPhases = (
				48EAD2CB6471852C36BAD042 /* [CP] Check Pods Manifest.lock */,
				269A488E1E822FD30024FC17 /* Sources */,
				269A488F1E822FD30024FC17 /* Frameworks */,
				269A48901E822FD30024FC17 /* Resources */,
				B36AB07364A1DBBC671CD05E /* [CP] Embed Pods Frameworks */,
				E4AAFBF5EB3629C8FCEB1C2D /* [CP] Copy Pods Resources */,
			);
			buildRules = (
			);
			dependencies = (
			);
			name = ResourceManager;
			productName = ResourceManager;
			productReference = 269A48921E822FD30024FC17 /* ResourceManager.app */;
			productType = "com.apple.product-type.application";
		};
		269A48A51E822FD30024FC17 /* ResourceManagerTests */ = {
			isa = PBXNativeTarget;
			buildConfigurationList = 269A48BD1E822FD30024FC17 /* Build configuration list for PBXNativeTarget "ResourceManagerTests" */;
			buildPhases = (
				F9CF9BA90D052BA0240225C7 /* [CP] Check Pods Manifest.lock */,
				269A48A21E822FD30024FC17 /* Sources */,
				269A48A31E822FD30024FC17 /* Frameworks */,
				269A48A41E822FD30024FC17 /* Resources */,
				87199D74587C2827BC08E6E6 /* [CP] Embed Pods Frameworks */,
				D6F8766FE92A8D14AFBD364F /* [CP] Copy Pods Resources */,
			);
			buildRules = (
			);
			dependencies = (
				269A48A81E822FD30024FC17 /* PBXTargetDependency */,
			);
			name = ResourceManagerTests;
			productName = ResourceManagerTests;
			productReference = 269A48A61E822FD30024FC17 /* ResourceManagerTests.xctest */;
			productType = "com.apple.product-type.bundle.unit-test";
		};
		269A48B01E822FD30024FC17 /* ResourceManagerUITests */ = {
			isa = PBXNativeTarget;
			buildConfigurationList = 269A48C01E822FD30024FC17 /* Build configuration list for PBXNativeTarget "ResourceManagerUITests" */;
			buildPhases = (
				FDFFE514AFD959A7187CEF23 /* [CP] Check Pods Manifest.lock */,
				269A48AD1E822FD30024FC17 /* Sources */,
				269A48AE1E822FD30024FC17 /* Frameworks */,
				269A48AF1E822FD30024FC17 /* Resources */,
				DC6001402D4300E056AED2DD /* [CP] Embed Pods Frameworks */,
				D53EC63E1733A0F3C9CB2E0D /* [CP] Copy Pods Resources */,
			);
			buildRules = (
			);
			dependencies = (
				269A48B31E822FD30024FC17 /* PBXTargetDependency */,
			);
			name = ResourceManagerUITests;
			productName = ResourceManagerUITests;
			productReference = 269A48B11E822FD30024FC17 /* ResourceManagerUITests.xctest */;
			productType = "com.apple.product-type.bundle.ui-testing";
		};
/* End PBXNativeTarget section */

/* Begin PBXProject section */
		269A488A1E822FD30024FC17 /* Project object */ = {
			isa = PBXProject;
			attributes = {
				CLASSPREFIX = RM;
				LastSwiftUpdateCheck = 0820;
				LastUpgradeCheck = 0820;
				ORGANIZATIONNAME = "北京海睿兴业";
				TargetAttributes = {
					269A48911E822FD30024FC17 = {
						CreatedOnToolsVersion = 8.2.1;
						DevelopmentTeam = 5R5G2D4E69;
						ProvisioningStyle = Automatic;
						SystemCapabilities = {
							com.apple.BackgroundModes = {
								enabled = 0;
							};
						};
					};
					269A48A51E822FD30024FC17 = {
						CreatedOnToolsVersion = 8.2.1;
						DevelopmentTeam = 5R5G2D4E69;
						ProvisioningStyle = Automatic;
						TestTargetID = 269A48911E822FD30024FC17;
					};
					269A48B01E822FD30024FC17 = {
						CreatedOnToolsVersion = 8.2.1;
						DevelopmentTeam = 5R5G2D4E69;
						ProvisioningStyle = Automatic;
						TestTargetID = 269A48911E822FD30024FC17;
					};
				};
			};
			buildConfigurationList = 269A488D1E822FD30024FC17 /* Build configuration list for PBXProject "ResourceManager" */;
			compatibilityVersion = "Xcode 3.2";
			developmentRegion = English;
			hasScannedForEncodings = 0;
			knownRegions = (
				en,
				Base,
			);
			mainGroup = 269A48891E822FD30024FC17;
			productRefGroup = 269A48931E822FD30024FC17 /* Products */;
			projectDirPath = "";
			projectRoot = "";
			targets = (
				269A48911E822FD30024FC17 /* ResourceManager */,
				269A48A51E822FD30024FC17 /* ResourceManagerTests */,
				269A48B01E822FD30024FC17 /* ResourceManagerUITests */,
			);
		};
/* End PBXProject section */

/* Begin PBXResourcesBuildPhase section */
		269A48901E822FD30024FC17 /* Resources */ = {
			isa = PBXResourcesBuildPhase;
			buildActionMask = 2147483647;
			files = (
				269512301ED331E90052D08A /* LICENCE.txt in Resources */,
				269A48A01E822FD30024FC17 /* LaunchScreen.storyboard in Resources */,
				269A489D1E822FD30024FC17 /* Assets.xcassets in Resources */,
				269A489B1E822FD30024FC17 /* Main.storyboard in Resources */,
				269C8CAB1E8FA5350049970E /* CodeScan.bundle in Resources */,
			);
			runOnlyForDeploymentPostprocessing = 0;
		};
		269A48A41E822FD30024FC17 /* Resources */ = {
			isa = PBXResourcesBuildPhase;
			buildActionMask = 2147483647;
			files = (
			);
			runOnlyForDeploymentPostprocessing = 0;
		};
		269A48AF1E822FD30024FC17 /* Resources */ = {
			isa = PBXResourcesBuildPhase;
			buildActionMask = 2147483647;
			files = (
			);
			runOnlyForDeploymentPostprocessing = 0;
		};
/* End PBXResourcesBuildPhase section */

/* Begin PBXShellScriptBuildPhase section */
		48EAD2CB6471852C36BAD042 /* [CP] Check Pods Manifest.lock */ = {
			isa = PBXShellScriptBuildPhase;
			buildActionMask = 2147483647;
			files = (
			);
			inputPaths = (
			);
			name = "[CP] Check Pods Manifest.lock";
			outputPaths = (
			);
			runOnlyForDeploymentPostprocessing = 0;
			shellPath = /bin/sh;
			shellScript = "diff \"${PODS_PODFILE_DIR_PATH}/Podfile.lock\" \"${PODS_ROOT}/Manifest.lock\" > /dev/null\nif [ $? != 0 ] ; then\n    # print error to STDERR\n    echo \"error: The sandbox is not in sync with the Podfile.lock. Run 'pod install' or update your CocoaPods installation.\" >&2\n    exit 1\nfi\n";
			showEnvVarsInLog = 0;
		};
		87199D74587C2827BC08E6E6 /* [CP] Embed Pods Frameworks */ = {
			isa = PBXShellScriptBuildPhase;
			buildActionMask = 2147483647;
			files = (
			);
			inputPaths = (
			);
			name = "[CP] Embed Pods Frameworks";
			outputPaths = (
			);
			runOnlyForDeploymentPostprocessing = 0;
			shellPath = /bin/sh;
			shellScript = "\"${SRCROOT}/Pods/Target Support Files/Pods-ResourceManagerTests/Pods-ResourceManagerTests-frameworks.sh\"\n";
			showEnvVarsInLog = 0;
		};
		B36AB07364A1DBBC671CD05E /* [CP] Embed Pods Frameworks */ = {
			isa = PBXShellScriptBuildPhase;
			buildActionMask = 2147483647;
			files = (
			);
			inputPaths = (
			);
			name = "[CP] Embed Pods Frameworks";
			outputPaths = (
			);
			runOnlyForDeploymentPostprocessing = 0;
			shellPath = /bin/sh;
			shellScript = "\"${SRCROOT}/Pods/Target Support Files/Pods-ResourceManager/Pods-ResourceManager-frameworks.sh\"\n";
			showEnvVarsInLog = 0;
		};
		D53EC63E1733A0F3C9CB2E0D /* [CP] Copy Pods Resources */ = {
			isa = PBXShellScriptBuildPhase;
			buildActionMask = 2147483647;
			files = (
			);
			inputPaths = (
			);
			name = "[CP] Copy Pods Resources";
			outputPaths = (
			);
			runOnlyForDeploymentPostprocessing = 0;
			shellPath = /bin/sh;
			shellScript = "\"${SRCROOT}/Pods/Target Support Files/Pods-ResourceManagerUITests/Pods-ResourceManagerUITests-resources.sh\"\n";
			showEnvVarsInLog = 0;
		};
		D6F8766FE92A8D14AFBD364F /* [CP] Copy Pods Resources */ = {
			isa = PBXShellScriptBuildPhase;
			buildActionMask = 2147483647;
			files = (
			);
			inputPaths = (
			);
			name = "[CP] Copy Pods Resources";
			outputPaths = (
			);
			runOnlyForDeploymentPostprocessing = 0;
			shellPath = /bin/sh;
			shellScript = "\"${SRCROOT}/Pods/Target Support Files/Pods-ResourceManagerTests/Pods-ResourceManagerTests-resources.sh\"\n";
			showEnvVarsInLog = 0;
		};
		DC6001402D4300E056AED2DD /* [CP] Embed Pods Frameworks */ = {
			isa = PBXShellScriptBuildPhase;
			buildActionMask = 2147483647;
			files = (
			);
			inputPaths = (
			);
			name = "[CP] Embed Pods Frameworks";
			outputPaths = (
			);
			runOnlyForDeploymentPostprocessing = 0;
			shellPath = /bin/sh;
			shellScript = "\"${SRCROOT}/Pods/Target Support Files/Pods-ResourceManagerUITests/Pods-ResourceManagerUITests-frameworks.sh\"\n";
			showEnvVarsInLog = 0;
		};
		E4AAFBF5EB3629C8FCEB1C2D /* [CP] Copy Pods Resources */ = {
			isa = PBXShellScriptBuildPhase;
			buildActionMask = 2147483647;
			files = (
			);
			inputPaths = (
			);
			name = "[CP] Copy Pods Resources";
			outputPaths = (
			);
			runOnlyForDeploymentPostprocessing = 0;
			shellPath = /bin/sh;
			shellScript = "\"${SRCROOT}/Pods/Target Support Files/Pods-ResourceManager/Pods-ResourceManager-resources.sh\"\n";
			showEnvVarsInLog = 0;
		};
		F9CF9BA90D052BA0240225C7 /* [CP] Check Pods Manifest.lock */ = {
			isa = PBXShellScriptBuildPhase;
			buildActionMask = 2147483647;
			files = (
			);
			inputPaths = (
			);
			name = "[CP] Check Pods Manifest.lock";
			outputPaths = (
			);
			runOnlyForDeploymentPostprocessing = 0;
			shellPath = /bin/sh;
			shellScript = "diff \"${PODS_PODFILE_DIR_PATH}/Podfile.lock\" \"${PODS_ROOT}/Manifest.lock\" > /dev/null\nif [ $? != 0 ] ; then\n    # print error to STDERR\n    echo \"error: The sandbox is not in sync with the Podfile.lock. Run 'pod install' or update your CocoaPods installation.\" >&2\n    exit 1\nfi\n";
			showEnvVarsInLog = 0;
		};
		FDFFE514AFD959A7187CEF23 /* [CP] Check Pods Manifest.lock */ = {
			isa = PBXShellScriptBuildPhase;
			buildActionMask = 2147483647;
			files = (
			);
			inputPaths = (
			);
			name = "[CP] Check Pods Manifest.lock";
			outputPaths = (
			);
			runOnlyForDeploymentPostprocessing = 0;
			shellPath = /bin/sh;
			shellScript = "diff \"${PODS_PODFILE_DIR_PATH}/Podfile.lock\" \"${PODS_ROOT}/Manifest.lock\" > /dev/null\nif [ $? != 0 ] ; then\n    # print error to STDERR\n    echo \"error: The sandbox is not in sync with the Podfile.lock. Run 'pod install' or update your CocoaPods installation.\" >&2\n    exit 1\nfi\n";
			showEnvVarsInLog = 0;
		};
/* End PBXShellScriptBuildPhase section */

/* Begin PBXSourcesBuildPhase section */
		269A488E1E822FD30024FC17 /* Sources */ = {
			isa = PBXSourcesBuildPhase;
			buildActionMask = 2147483647;
			files = (
				26BFE8AF1E9E7CD100A636AA /* RMLocationViewModel.swift in Sources */,
				269C8CA91E8F9E400049970E /* RMScanViewController.swift in Sources */,
				26B189D11E9E8F9500A67B53 /* LocationManager.swift in Sources */,
				260C10A21E8A6F2300011A8E /* RMDomain.swift in Sources */,
				26786E901E9B25D600AB42FF /* RMCabinetSearchViewModel.swift in Sources */,
				26CB6A821E9795500092E3E9 /* RMLinkListViewModel.swift in Sources */,
				262C7E7D1E8ACE53004BD333 /* RMRootViewController.swift in Sources */,
				267316E71EB18C4500A848B3 /* RMDeviceListViewModel.swift in Sources */,
				2635D9CC1F5717B7000C407E /* RMResourceManagerViewController.swift in Sources */,
				266F46361EB1026100E79F4D /* RMDeviceSearchViewModel.swift in Sources */,
				2670EDE31E964FC900D2CA07 /* RMScanViewModel.swift in Sources */,
				266597841E95D82A0035D344 /* RMLinkSearchDomain.swift in Sources */,
				260C10951E8A429900011A8E /* RMLoginViewModel.swift in Sources */,
				26909D721EA4BD09008BE207 /* RMExchangePasswordViewModel.swift in Sources */,
				266F46381EB102D500E79F4D /* RMDeviceSearchDomain.swift in Sources */,
				264D89FE1EA37FD6002B2A44 /* RMPersonalCenterDomain.swift in Sources */,
				262AB6971E9B344C00986173 /* RMLinkScanViewModel.swift in Sources */,
				26786E941E9B276700AB42FF /* RMCabinetListViewModel.swift in Sources */,
				269A48961E822FD30024FC17 /* RMAppDelegate.swift in Sources */,
				2695122E1ED331E90052D08A /* XmlUtil.m in Sources */,
				26786E921E9B263800AB42FF /* RMCabinetSearchDomain.swift in Sources */,
				2672C1011E8CE44900AD19EA /* RMError.swift in Sources */,
				26EFFA441F716857008263DC /* RMInspectPhotoDomain.swift in Sources */,
				2695122B1ED331E90052D08A /* ModelUtil.m in Sources */,
				266F463C1EB225F100E79F4D /* RMDeviceScanViewModel.swift in Sources */,
				263A7EBC1E9D240200201500 /* RMInspectPhotoViewModel.swift in Sources */,
				26786E8C1E9B221D00AB42FF /* RMSearchViewModel.swift in Sources */,
				2670EDE71E96536D00D2CA07 /* RMLinkDetailViewModel.swift in Sources */,
				26F798A51F57130F009E6382 /* RMResourceManagerDomain.swift in Sources */,
				2695122D1ED331E90052D08A /* XmlPrintData.m in Sources */,
				262AB6991E9B345700986173 /* RMCabinetScanViewModel.swift in Sources */,
				267641871E9B62F7000EFB23 /* RMCabinetDetailViewModel.swift in Sources */,
				26C7C7AF1EAE3438006AC792 /* RMRootViewModel.swift in Sources */,
				263FD31F1EAEFD7500EB7814 /* BDLocationManager.swift in Sources */,
				26E0C2F51E837B0300C7C388 /* RMNetworkServices.swift in Sources */,
				265653F21E827A1300F37064 /* RMAnimal.swift in Sources */,
				260C3C421E9CCA5500DE7C46 /* RMInspectListDomain.swift in Sources */,
				26483F3B1EA1316600D6A3EC /* RMLinkDetailDomain.swift in Sources */,
				268DEB3E1E9E182400056FC9 /* RMInspectUploadViewModel.swift in Sources */,
				2672C1031E8CFABC00AD19EA /* Device+RMDevice.swift in Sources */,
				269C8CB01E8FB33B0049970E /* RMLink.swift in Sources */,
				260C109C1E8A593300011A8E /* RMLoginDomain.swift in Sources */,
				269512241ED331E90052D08A /* Data.m in Sources */,
				260C3C461E9CDA4300DE7C46 /* RMInspect.swift in Sources */,
				26CB6A7E1E978B840092E3E9 /* RMResourceManagerViewModel.swift in Sources */,
				265653F01E8279C600F37064 /* RMDog.swift in Sources */,
				2681BC051ED53F8B00361033 /* PrintServices.swift in Sources */,
				267641831E9B5696000EFB23 /* RMDevice.swift in Sources */,
				2695122C1ED331E90052D08A /* Print.m in Sources */,
				260C3C401E9CC9F500DE7C46 /* RMInspectListViewModel.swift in Sources */,
				26E0C2F71E83A86A00C7C388 /* RMResponseObject.swift in Sources */,
				267641811E9B5647000EFB23 /* RMCabinet.swift in Sources */,
				26C7C7B11EAE3CD0006AC792 /* NSDate+RM.swift in Sources */,
				266597821E95D7AB0035D344 /* RMLinkSearchViewModel.swift in Sources */,
				260E96FE1EC60FF90040DBF8 /* RMDeviceModifyViewModel.swift in Sources */,
				264D89FC1EA33FC4002B2A44 /* RMPersonalCenterViewModel.swift in Sources */,
				268B423C1E8F471200ADAC83 /* RMListViewModel.swift in Sources */,
				260C10A01E8A6F1800011A8E /* RMDataRepository.swift in Sources */,
				267035461E9F5D4D0049F0CC /* RMUploadScanViewModel.swift in Sources */,
				265653EA1E825BC200F37064 /* RMUser.swift in Sources */,
				26F798A31F570940009E6382 /* RMLoginViewController.swift in Sources */,
				26483F3D1EA1458B00D6A3EC /* RMInspectUploadDomain.swift in Sources */,
				26D85E451EA079AE0036EBDF /* RMDeviceDetailViewModel.swift in Sources */,
				260E97001EC611A80040DBF8 /* RMDeviceModifyDomain.swift in Sources */,
				261BB2761EA5F852006AA306 /* RMSuggestViewModel.swift in Sources */,
				262C7E811E8ADDF9004BD333 /* RMStoryboardSegue.swift in Sources */,
				2670EDE51E96522A00D2CA07 /* RMScanDomain.swift in Sources */,
				265653E81E825A7700F37064 /* RMModel.swift in Sources */,
				2635D9DF1F571F02000C407E /* RMSearchDomain.swift in Sources */,
				269512321ED331E90052D08A /* README.md in Sources */,
				269512311ED331E90052D08A /* Reachability.m in Sources */,
				5B87576EAFD28E9B9AE79B1B /* RMCabinetDetailDomain.swift in Sources */,
				5B8753C7ACBFD83B54EFA2CF /* RMTabBarViewController.swift in Sources */,
				5B8755257FF6A304F4172C73 /* RMCabinetListViewController.swift in Sources */,
				5B875D770FCDCD9CDA9054B2 /* RMCabinetDetailViewController.swift in Sources */,
				5B8750E3484AF83BD9FF2DEA /* RMCabinetDeviceDetailViewController.swift in Sources */,
				5B87531C72C3569548D2B7D5 /* RMLinkDetailViewController.swift in Sources */,
				5B875C209B76727CACC2279A /* RMLinkListViewController.swift in Sources */,
				5B875F830FC0F2B663391AEF /* RMDeviceListViewController.swift in Sources */,
				5B875CD2BC04971763CB0789 /* RMDeviceDetailViewController.swift in Sources */,
				5B8751C5BFFC6A5624DC00E8 /* RMSearchViewController.swift in Sources */,
				5B875205CE2226769C8C3B4D /* LBXPermissions.swift in Sources */,
				5B875CE7191BB981EA18AD25 /* LBXScanLineAnimation.swift in Sources */,
				5B87581DAB67A3B5BC1D5703 /* LBXScanNetAnimation.swift in Sources */,
				5B8755E83CAB857CBCFD0D89 /* LBXScanView.swift in Sources */,
				5B875ABB5231D371C46A5AC5 /* LBXScanViewController.swift in Sources */,
				5B875DC2F317E57947D6DFE8 /* LBXScanViewStyle.swift in Sources */,
				26EFFA421F715927008263DC /* RMLocationDomain.swift in Sources */,
				5B875D2ED2FAF50E566EA8EE /* LBXScanWrapper.swift in Sources */,
				5B8758A0E3014876554785D4 /* RMExchangePasswordViewController.swift in Sources */,
				5B875E1A68FC439C6B9D4ED5 /* RMPersonalCenterViewController.swift in Sources */,
				5B875782C6F19C2BD6960CC4 /* RMHelpViewController.swift in Sources */,
				5B875AF2B584F2BF3A4F862E /* RMSuggestViewController.swift in Sources */,
				5B87542B24D3683062ED0A96 /* RMInspectListViewController.swift in Sources */,
				5B875CAF5D8DE83BA9C44AE3 /* RMInspectPhotoViewController.swift in Sources */,
				5B87583892DE539754B6CA25 /* RMInspectUploadViewController.swift in Sources */,
				5B875CC1EEBB8920D39869F6 /* RMContentViewController.swift in Sources */,
				5B875BFCE2F1D3463E2E0FFD /* RMLocationViewController.swift in Sources */,
			);
			runOnlyForDeploymentPostprocessing = 0;
		};
		269A48A21E822FD30024FC17 /* Sources */ = {
			isa = PBXSourcesBuildPhase;
			buildActionMask = 2147483647;
			files = (
				269A48AB1E822FD30024FC17 /* ResourceManagerTests.swift in Sources */,
			);
			runOnlyForDeploymentPostprocessing = 0;
		};
		269A48AD1E822FD30024FC17 /* Sources */ = {
			isa = PBXSourcesBuildPhase;
			buildActionMask = 2147483647;
			files = (
				269A48B61E822FD30024FC17 /* ResourceManagerUITests.swift in Sources */,
			);
			runOnlyForDeploymentPostprocessing = 0;
		};
/* End PBXSourcesBuildPhase section */

/* Begin PBXTargetDependency section */
		269A48A81E822FD30024FC17 /* PBXTargetDependency */ = {
			isa = PBXTargetDependency;
			target = 269A48911E822FD30024FC17 /* ResourceManager */;
			targetProxy = 269A48A71E822FD30024FC17 /* PBXContainerItemProxy */;
		};
		269A48B31E822FD30024FC17 /* PBXTargetDependency */ = {
			isa = PBXTargetDependency;
			target = 269A48911E822FD30024FC17 /* ResourceManager */;
			targetProxy = 269A48B21E822FD30024FC17 /* PBXContainerItemProxy */;
		};
/* End PBXTargetDependency section */

/* Begin PBXVariantGroup section */
		269A48991E822FD30024FC17 /* Main.storyboard */ = {
			isa = PBXVariantGroup;
			children = (
				269A489A1E822FD30024FC17 /* Base */,
			);
			name = Main.storyboard;
			sourceTree = "<group>";
		};
		269A489E1E822FD30024FC17 /* LaunchScreen.storyboard */ = {
			isa = PBXVariantGroup;
			children = (
				269A489F1E822FD30024FC17 /* Base */,
			);
			name = LaunchScreen.storyboard;
			sourceTree = "<group>";
		};
/* End PBXVariantGroup section */

/* Begin XCBuildConfiguration section */
		269A48B81E822FD30024FC17 /* Debug */ = {
			isa = XCBuildConfiguration;
			buildSettings = {
				ALWAYS_SEARCH_USER_PATHS = NO;
				CLANG_ANALYZER_NONNULL = YES;
				CLANG_CXX_LANGUAGE_STANDARD = "gnu++0x";
				CLANG_CXX_LIBRARY = "libc++";
				CLANG_ENABLE_MODULES = YES;
				CLANG_ENABLE_OBJC_ARC = YES;
				CLANG_WARN_BOOL_CONVERSION = YES;
				CLANG_WARN_CONSTANT_CONVERSION = YES;
				CLANG_WARN_DIRECT_OBJC_ISA_USAGE = YES_ERROR;
				CLANG_WARN_DOCUMENTATION_COMMENTS = YES;
				CLANG_WARN_EMPTY_BODY = YES;
				CLANG_WARN_ENUM_CONVERSION = YES;
				CLANG_WARN_INFINITE_RECURSION = YES;
				CLANG_WARN_INT_CONVERSION = YES;
				CLANG_WARN_OBJC_ROOT_CLASS = YES_ERROR;
				CLANG_WARN_SUSPICIOUS_MOVE = YES;
				CLANG_WARN_UNREACHABLE_CODE = YES;
				CLANG_WARN__DUPLICATE_METHOD_MATCH = YES;
				"CODE_SIGN_IDENTITY[sdk=iphoneos*]" = "iPhone Developer";
				COPY_PHASE_STRIP = NO;
				DEBUG_INFORMATION_FORMAT = dwarf;
				ENABLE_STRICT_OBJC_MSGSEND = YES;
				ENABLE_TESTABILITY = YES;
				GCC_C_LANGUAGE_STANDARD = gnu99;
				GCC_DYNAMIC_NO_PIC = NO;
				GCC_NO_COMMON_BLOCKS = YES;
				GCC_OPTIMIZATION_LEVEL = 0;
				GCC_PREPROCESSOR_DEFINITIONS = (
					"DEBUG=1",
					"$(inherited)",
				);
				GCC_WARN_64_TO_32_BIT_CONVERSION = YES;
				GCC_WARN_ABOUT_RETURN_TYPE = YES_ERROR;
				GCC_WARN_UNDECLARED_SELECTOR = YES;
				GCC_WARN_UNINITIALIZED_AUTOS = YES_AGGRESSIVE;
				GCC_WARN_UNUSED_FUNCTION = YES;
				GCC_WARN_UNUSED_VARIABLE = YES;
				IPHONEOS_DEPLOYMENT_TARGET = 10.2;
				MTL_ENABLE_DEBUG_INFO = YES;
				ONLY_ACTIVE_ARCH = YES;
				SDKROOT = iphoneos;
				SWIFT_ACTIVE_COMPILATION_CONDITIONS = DEBUG;
				SWIFT_OPTIMIZATION_LEVEL = "-Onone";
				TARGETED_DEVICE_FAMILY = "1,2";
			};
			name = Debug;
		};
		269A48B91E822FD30024FC17 /* Release */ = {
			isa = XCBuildConfiguration;
			buildSettings = {
				ALWAYS_SEARCH_USER_PATHS = NO;
				CLANG_ANALYZER_NONNULL = YES;
				CLANG_CXX_LANGUAGE_STANDARD = "gnu++0x";
				CLANG_CXX_LIBRARY = "libc++";
				CLANG_ENABLE_MODULES = YES;
				CLANG_ENABLE_OBJC_ARC = YES;
				CLANG_WARN_BOOL_CONVERSION = YES;
				CLANG_WARN_CONSTANT_CONVERSION = YES;
				CLANG_WARN_DIRECT_OBJC_ISA_USAGE = YES_ERROR;
				CLANG_WARN_DOCUMENTATION_COMMENTS = YES;
				CLANG_WARN_EMPTY_BODY = YES;
				CLANG_WARN_ENUM_CONVERSION = YES;
				CLANG_WARN_INFINITE_RECURSION = YES;
				CLANG_WARN_INT_CONVERSION = YES;
				CLANG_WARN_OBJC_ROOT_CLASS = YES_ERROR;
				CLANG_WARN_SUSPICIOUS_MOVE = YES;
				CLANG_WARN_UNREACHABLE_CODE = YES;
				CLANG_WARN__DUPLICATE_METHOD_MATCH = YES;
				"CODE_SIGN_IDENTITY[sdk=iphoneos*]" = "iPhone Developer";
				COPY_PHASE_STRIP = NO;
				DEBUG_INFORMATION_FORMAT = "dwarf-with-dsym";
				ENABLE_NS_ASSERTIONS = NO;
				ENABLE_STRICT_OBJC_MSGSEND = YES;
				GCC_C_LANGUAGE_STANDARD = gnu99;
				GCC_NO_COMMON_BLOCKS = YES;
				GCC_WARN_64_TO_32_BIT_CONVERSION = YES;
				GCC_WARN_ABOUT_RETURN_TYPE = YES_ERROR;
				GCC_WARN_UNDECLARED_SELECTOR = YES;
				GCC_WARN_UNINITIALIZED_AUTOS = YES_AGGRESSIVE;
				GCC_WARN_UNUSED_FUNCTION = YES;
				GCC_WARN_UNUSED_VARIABLE = YES;
				IPHONEOS_DEPLOYMENT_TARGET = 10.2;
				MTL_ENABLE_DEBUG_INFO = NO;
				SDKROOT = iphoneos;
				SWIFT_OPTIMIZATION_LEVEL = "-Owholemodule";
				TARGETED_DEVICE_FAMILY = "1,2";
				VALIDATE_PRODUCT = YES;
			};
			name = Release;
		};
		269A48BB1E822FD30024FC17 /* Debug */ = {
			isa = XCBuildConfiguration;
			baseConfigurationReference = B2E29D2AB504AE9928FD1091 /* Pods-ResourceManager.debug.xcconfig */;
			buildSettings = {
				ALWAYS_SEARCH_USER_PATHS = NO;
				ASSETCATALOG_COMPILER_APPICON_NAME = AppIcon;
				"CODE_SIGN_IDENTITY[sdk=iphoneos*]" = "iPhone Developer";
				DEVELOPMENT_TEAM = 5R5G2D4E69;
				ENABLE_BITCODE = NO;
				FRAMEWORK_SEARCH_PATHS = (
					"$(inherited)",
					"\"$PODS_CONFIGURATION_BUILD_DIR/Alamofire\"",
					"\"$PODS_CONFIGURATION_BUILD_DIR/DeviceKit\"",
					"\"$PODS_CONFIGURATION_BUILD_DIR/IQKeyboardManagerSwift\"",
					"\"$PODS_CONFIGURATION_BUILD_DIR/KeychainAccess\"",
					"\"$PODS_CONFIGURATION_BUILD_DIR/Kingfisher\"",
					"\"$PODS_CONFIGURATION_BUILD_DIR/MJRefresh\"",
					"\"$PODS_CONFIGURATION_BUILD_DIR/Moya\"",
					"\"$PODS_CONFIGURATION_BUILD_DIR/Moya-ObjectMapper\"",
					"\"$PODS_CONFIGURATION_BUILD_DIR/NVActivityIndicatorView\"",
					"\"$PODS_CONFIGURATION_BUILD_DIR/ObjectMapper\"",
					"\"$PODS_CONFIGURATION_BUILD_DIR/ObjectMapper+Realm\"",
					"\"$PODS_CONFIGURATION_BUILD_DIR/Realm\"",
					"\"$PODS_CONFIGURATION_BUILD_DIR/RealmSwift\"",
					"\"$PODS_CONFIGURATION_BUILD_DIR/Result\"",
					"\"$PODS_CONFIGURATION_BUILD_DIR/RxCocoa\"",
					"\"$PODS_CONFIGURATION_BUILD_DIR/RxRealm\"",
					"\"$PODS_CONFIGURATION_BUILD_DIR/RxSwift\"",
					"\"$PODS_CONFIGURATION_BUILD_DIR/SnapKit\"",
					"\"$PODS_CONFIGURATION_BUILD_DIR/TZImagePickerController\"",
					"\"$PODS_CONFIGURATION_BUILD_DIR/Toaster\"",
					"\"$PODS_CONFIGURATION_BUILD_DIR/UIColor_Hex_Swift\"",
					"\"${PODS_ROOT}/AMap3DMap\"",
					"\"${PODS_ROOT}/AMapFoundation\"",
					"\"${PODS_ROOT}/AMapLocation\"",
				);
				GCC_INPUT_FILETYPE = automatic;
				HEADER_SEARCH_PATHS = (
					"$(inherited)",
					"\"${PODS_ROOT}/Headers/Public\"",
					"\"${PODS_ROOT}/Headers/Public/AMap3DMap\"",
					"\"${PODS_ROOT}/Headers/Public/AMapFoundation\"",
					"\"${PODS_ROOT}/Headers/Public/AMapLocation\"",
					"\"${PODS_ROOT}/Headers/Public/AMapSearch\"",
					"$(SDKROOT)/usr/include/libxml2",
				);
				INFOPLIST_FILE = ResourceManager/Info.plist;
				IPHONEOS_DEPLOYMENT_TARGET = 8.0;
				LD_RUNPATH_SEARCH_PATHS = "$(inherited) @executable_path/Frameworks";
				LIBRARY_SEARCH_PATHS = (
					"$(inherited)",
					"$(PROJECT_DIR)/ResourceManager/SKDs/printLib",
				);
				OTHER_SWIFT_FLAGS = "$(inherited) \"-D\" \"COCOAPODS\" -Xfrontend -disable-availability-checking";
				PRODUCT_BUNDLE_IDENTIFIER = com.ibilling.ResourceManager;
				PRODUCT_NAME = "$(TARGET_NAME)";
				PROVISIONING_PROFILE_SPECIFIER = "";
				SWIFT_OBJC_BRIDGING_HEADER = "$(SRCROOT)/ResourceManager/ResourceManager-Bridging-Header.h";
				SWIFT_VERSION = 3.0;
				TARGETED_DEVICE_FAMILY = 1;
			};
			name = Debug;
		};
		269A48BC1E822FD30024FC17 /* Release */ = {
			isa = XCBuildConfiguration;
			baseConfigurationReference = 6326FA90DF8232AA91C5506A /* Pods-ResourceManager.release.xcconfig */;
			buildSettings = {
				ALWAYS_SEARCH_USER_PATHS = NO;
				ASSETCATALOG_COMPILER_APPICON_NAME = AppIcon;
				CODE_SIGN_IDENTITY = "";
				"CODE_SIGN_IDENTITY[sdk=iphoneos*]" = "iPhone Developer";
				DEVELOPMENT_TEAM = 5R5G2D4E69;
				ENABLE_BITCODE = NO;
				FRAMEWORK_SEARCH_PATHS = (
					"$(inherited)",
					"\"$PODS_CONFIGURATION_BUILD_DIR/Alamofire\"",
					"\"$PODS_CONFIGURATION_BUILD_DIR/DeviceKit\"",
					"\"$PODS_CONFIGURATION_BUILD_DIR/IQKeyboardManagerSwift\"",
					"\"$PODS_CONFIGURATION_BUILD_DIR/KeychainAccess\"",
					"\"$PODS_CONFIGURATION_BUILD_DIR/Kingfisher\"",
					"\"$PODS_CONFIGURATION_BUILD_DIR/MJRefresh\"",
					"\"$PODS_CONFIGURATION_BUILD_DIR/Moya\"",
					"\"$PODS_CONFIGURATION_BUILD_DIR/Moya-ObjectMapper\"",
					"\"$PODS_CONFIGURATION_BUILD_DIR/NVActivityIndicatorView\"",
					"\"$PODS_CONFIGURATION_BUILD_DIR/ObjectMapper\"",
					"\"$PODS_CONFIGURATION_BUILD_DIR/ObjectMapper+Realm\"",
					"\"$PODS_CONFIGURATION_BUILD_DIR/Realm\"",
					"\"$PODS_CONFIGURATION_BUILD_DIR/RealmSwift\"",
					"\"$PODS_CONFIGURATION_BUILD_DIR/Result\"",
					"\"$PODS_CONFIGURATION_BUILD_DIR/RxCocoa\"",
					"\"$PODS_CONFIGURATION_BUILD_DIR/RxRealm\"",
					"\"$PODS_CONFIGURATION_BUILD_DIR/RxSwift\"",
					"\"$PODS_CONFIGURATION_BUILD_DIR/SnapKit\"",
					"\"$PODS_CONFIGURATION_BUILD_DIR/TZImagePickerController\"",
					"\"$PODS_CONFIGURATION_BUILD_DIR/Toaster\"",
					"\"$PODS_CONFIGURATION_BUILD_DIR/UIColor_Hex_Swift\"",
					"\"${PODS_ROOT}/AMap3DMap\"",
					"\"${PODS_ROOT}/AMapFoundation\"",
					"\"${PODS_ROOT}/AMapLocation\"",
					"\"${PODS_ROOT}/AMapSearch\"",
					"$(SDKROOT)/usr/include/libxml2",
				);
				GCC_INPUT_FILETYPE = automatic;
				HEADER_SEARCH_PATHS = (
					"$(inherited)",
					"\"${PODS_ROOT}/Headers/Public\"",
					"\"${PODS_ROOT}/Headers/Public/AMap3DMap\"",
					"\"${PODS_ROOT}/Headers/Public/AMapFoundation\"",
					"\"${PODS_ROOT}/Headers/Public/AMapLocation\"",
					"\"${PODS_ROOT}/Headers/Public/AMapSearch\"",
					"$(SDKROOT)/usr/include/libxml2",
				);
				INFOPLIST_FILE = ResourceManager/Info.plist;
				IPHONEOS_DEPLOYMENT_TARGET = 8.0;
				LD_RUNPATH_SEARCH_PATHS = "$(inherited) @executable_path/Frameworks";
				LIBRARY_SEARCH_PATHS = (
					"$(inherited)",
					"$(PROJECT_DIR)/ResourceManager/SKDs/printLib",
				);
				OTHER_SWIFT_FLAGS = "$(inherited) \"-D\" \"COCOAPODS\" -Xfrontend -disable-availability-checking";
				PRODUCT_BUNDLE_IDENTIFIER = com.ibilling.ResourceManager;
				PRODUCT_NAME = "$(TARGET_NAME)";
				PROVISIONING_PROFILE_SPECIFIER = "";
				SWIFT_OBJC_BRIDGING_HEADER = "$(SRCROOT)/ResourceManager/ResourceManager-Bridging-Header.h";
				SWIFT_VERSION = 3.0;
				TARGETED_DEVICE_FAMILY = 1;
			};
			name = Release;
		};
		269A48BE1E822FD30024FC17 /* Debug */ = {
			isa = XCBuildConfiguration;
			baseConfigurationReference = BF5D75472B9E36B01719BD68 /* Pods-ResourceManagerTests.debug.xcconfig */;
			buildSettings = {
				ALWAYS_EMBED_SWIFT_STANDARD_LIBRARIES = YES;
				BUNDLE_LOADER = "$(TEST_HOST)";
				DEVELOPMENT_TEAM = 5R5G2D4E69;
				INFOPLIST_FILE = ResourceManagerTests/Info.plist;
				LD_RUNPATH_SEARCH_PATHS = "$(inherited) @executable_path/Frameworks @loader_path/Frameworks";
				PRODUCT_BUNDLE_IDENTIFIER = com.ibilling.ResourceManagerTests;
				PRODUCT_NAME = "$(TARGET_NAME)";
				SWIFT_VERSION = 3.0;
				TEST_HOST = "$(BUILT_PRODUCTS_DIR)/ResourceManager.app/ResourceManager";
			};
			name = Debug;
		};
		269A48BF1E822FD30024FC17 /* Release */ = {
			isa = XCBuildConfiguration;
			baseConfigurationReference = 8428DE6107C32288740BD1F2 /* Pods-ResourceManagerTests.release.xcconfig */;
			buildSettings = {
				ALWAYS_EMBED_SWIFT_STANDARD_LIBRARIES = YES;
				BUNDLE_LOADER = "$(TEST_HOST)";
				DEVELOPMENT_TEAM = 5R5G2D4E69;
				INFOPLIST_FILE = ResourceManagerTests/Info.plist;
				LD_RUNPATH_SEARCH_PATHS = "$(inherited) @executable_path/Frameworks @loader_path/Frameworks";
				PRODUCT_BUNDLE_IDENTIFIER = com.ibilling.ResourceManagerTests;
				PRODUCT_NAME = "$(TARGET_NAME)";
				SWIFT_VERSION = 3.0;
				TEST_HOST = "$(BUILT_PRODUCTS_DIR)/ResourceManager.app/ResourceManager";
			};
			name = Release;
		};
		269A48C11E822FD30024FC17 /* Debug */ = {
			isa = XCBuildConfiguration;
			baseConfigurationReference = C5437833986269D0A42AD3F0 /* Pods-ResourceManagerUITests.debug.xcconfig */;
			buildSettings = {
				ALWAYS_EMBED_SWIFT_STANDARD_LIBRARIES = YES;
				DEVELOPMENT_TEAM = 5R5G2D4E69;
				INFOPLIST_FILE = ResourceManagerUITests/Info.plist;
				LD_RUNPATH_SEARCH_PATHS = "$(inherited) @executable_path/Frameworks @loader_path/Frameworks";
				PRODUCT_BUNDLE_IDENTIFIER = com.ibilling.ResourceManagerUITests;
				PRODUCT_NAME = "$(TARGET_NAME)";
				SWIFT_VERSION = 3.0;
				TEST_TARGET_NAME = ResourceManager;
			};
			name = Debug;
		};
		269A48C21E822FD30024FC17 /* Release */ = {
			isa = XCBuildConfiguration;
			baseConfigurationReference = 1BC7CD2E51D927C3295F609B /* Pods-ResourceManagerUITests.release.xcconfig */;
			buildSettings = {
				ALWAYS_EMBED_SWIFT_STANDARD_LIBRARIES = YES;
				DEVELOPMENT_TEAM = 5R5G2D4E69;
				INFOPLIST_FILE = ResourceManagerUITests/Info.plist;
				LD_RUNPATH_SEARCH_PATHS = "$(inherited) @executable_path/Frameworks @loader_path/Frameworks";
				PRODUCT_BUNDLE_IDENTIFIER = com.ibilling.ResourceManagerUITests;
				PRODUCT_NAME = "$(TARGET_NAME)";
				SWIFT_VERSION = 3.0;
				TEST_TARGET_NAME = ResourceManager;
			};
			name = Release;
		};
/* End XCBuildConfiguration section */

/* Begin XCConfigurationList section */
		269A488D1E822FD30024FC17 /* Build configuration list for PBXProject "ResourceManager" */ = {
			isa = XCConfigurationList;
			buildConfigurations = (
				269A48B81E822FD30024FC17 /* Debug */,
				269A48B91E822FD30024FC17 /* Release */,
			);
			defaultConfigurationIsVisible = 0;
			defaultConfigurationName = Release;
		};
		269A48BA1E822FD30024FC17 /* Build configuration list for PBXNativeTarget "ResourceManager" */ = {
			isa = XCConfigurationList;
			buildConfigurations = (
				269A48BB1E822FD30024FC17 /* Debug */,
				269A48BC1E822FD30024FC17 /* Release */,
			);
			defaultConfigurationIsVisible = 0;
			defaultConfigurationName = Release;
		};
		269A48BD1E822FD30024FC17 /* Build configuration list for PBXNativeTarget "ResourceManagerTests" */ = {
			isa = XCConfigurationList;
			buildConfigurations = (
				269A48BE1E822FD30024FC17 /* Debug */,
				269A48BF1E822FD30024FC17 /* Release */,
			);
			defaultConfigurationIsVisible = 0;
			defaultConfigurationName = Release;
		};
		269A48C01E822FD30024FC17 /* Build configuration list for PBXNativeTarget "ResourceManagerUITests" */ = {
			isa = XCConfigurationList;
			buildConfigurations = (
				269A48C11E822FD30024FC17 /* Debug */,
				269A48C21E822FD30024FC17 /* Release */,
			);
			defaultConfigurationIsVisible = 0;
			defaultConfigurationName = Release;
		};
/* End XCConfigurationList section */
	};
	rootObject = 269A488A1E822FD30024FC17 /* Project object */;
}
