// !$*UTF8*$!
{
	archiveVersion = 1;
	classes = {
	};
	objectVersion = 46;
	objects = {

/* Begin PBXBuildFile section */
		013EDF76E7B77030D0A1A47A /* Pods_ResourceManagerTests.framework in Frameworks */ = {isa = PBXBuildFile; fileRef = 7B2D54B3294D414F3F399907 /* Pods_ResourceManagerTests.framework */; };
		260C10951E8A429900011A8E /* RMLoginViewModel.swift in Sources */ = {isa = PBXBuildFile; fileRef = 260C10941E8A429900011A8E /* RMLoginViewModel.swift */; };
		260C10981E8A502D00011A8E /* Operators.swift in Sources */ = {isa = PBXBuildFile; fileRef = 260C10971E8A502D00011A8E /* Operators.swift */; };
		260C109A1E8A565200011A8E /* Protocols.swift in Sources */ = {isa = PBXBuildFile; fileRef = 260C10991E8A565200011A8E /* Protocols.swift */; };
		260C109C1E8A593300011A8E /* RMLoginDomain.swift in Sources */ = {isa = PBXBuildFile; fileRef = 260C109B1E8A593300011A8E /* RMLoginDomain.swift */; };
		260C10A01E8A6F1800011A8E /* RMDataRepository.swift in Sources */ = {isa = PBXBuildFile; fileRef = 260C109F1E8A6F1800011A8E /* RMDataRepository.swift */; };
		260C10A21E8A6F2300011A8E /* RMDomain.swift in Sources */ = {isa = PBXBuildFile; fileRef = 260C10A11E8A6F2300011A8E /* RMDomain.swift */; };
		2621A8671E8BB85A00B31681 /* RMLinkNodeView.swift in Sources */ = {isa = PBXBuildFile; fileRef = 2621A8661E8BB85A00B31681 /* RMLinkNodeView.swift */; };
		262C7E7D1E8ACE53004BD333 /* RMRootViewController.swift in Sources */ = {isa = PBXBuildFile; fileRef = 262C7E7C1E8ACE53004BD333 /* RMRootViewController.swift */; };
		262C7E811E8ADDF9004BD333 /* RMStoryboardSegue.swift in Sources */ = {isa = PBXBuildFile; fileRef = 262C7E801E8ADDF8004BD333 /* RMStoryboardSegue.swift */; };
		2632CABF1E8B7F4B0064AF1E /* RMTabBarViewController.swift in Sources */ = {isa = PBXBuildFile; fileRef = 2632CABE1E8B7F4B0064AF1E /* RMTabBarViewController.swift */; };
		2632CAC11E8B80E50064AF1E /* RMResourceManagerViewController.swift in Sources */ = {isa = PBXBuildFile; fileRef = 2632CAC01E8B80E50064AF1E /* RMResourceManagerViewController.swift */; };
		2632CAC31E8B8D1C0064AF1E /* RMLinkSearchViewController.swift in Sources */ = {isa = PBXBuildFile; fileRef = 2632CAC21E8B8D1C0064AF1E /* RMLinkSearchViewController.swift */; };
		2632CAF51E8B9D0F0064AF1E /* FDGapLayoutGuide.m in Sources */ = {isa = PBXBuildFile; fileRef = 2632CAE41E8B9D0F0064AF1E /* FDGapLayoutGuide.m */; };
		2632CAF61E8B9D0F0064AF1E /* FDLayoutSpacer.m in Sources */ = {isa = PBXBuildFile; fileRef = 2632CAE61E8B9D0F0064AF1E /* FDLayoutSpacer.m */; };
		2632CAF71E8B9D0F0064AF1E /* FDStackView.m in Sources */ = {isa = PBXBuildFile; fileRef = 2632CAE81E8B9D0F0064AF1E /* FDStackView.m */; };
		2632CAF81E8B9D0F0064AF1E /* FDStackViewAlignmentLayoutArrangement.m in Sources */ = {isa = PBXBuildFile; fileRef = 2632CAEA1E8B9D0F0064AF1E /* FDStackViewAlignmentLayoutArrangement.m */; };
		2632CAF91E8B9D0F0064AF1E /* FDStackViewDistributionLayoutArrangement.m in Sources */ = {isa = PBXBuildFile; fileRef = 2632CAEC1E8B9D0F0064AF1E /* FDStackViewDistributionLayoutArrangement.m */; };
		2632CAFA1E8B9D0F0064AF1E /* FDStackViewExtensions.m in Sources */ = {isa = PBXBuildFile; fileRef = 2632CAEE1E8B9D0F0064AF1E /* FDStackViewExtensions.m */; };
		2632CAFB1E8B9D0F0064AF1E /* FDStackViewLayoutArrangement.m in Sources */ = {isa = PBXBuildFile; fileRef = 2632CAF01E8B9D0F0064AF1E /* FDStackViewLayoutArrangement.m */; };
		2632CAFC1E8B9D0F0064AF1E /* FDTransformLayer.m in Sources */ = {isa = PBXBuildFile; fileRef = 2632CAF21E8B9D0F0064AF1E /* FDTransformLayer.m */; };
		265653E61E82397600F37064 /* RMViewController.swift in Sources */ = {isa = PBXBuildFile; fileRef = 265653E51E82397600F37064 /* RMViewController.swift */; };
		265653E81E825A7700F37064 /* RMModel.swift in Sources */ = {isa = PBXBuildFile; fileRef = 265653E71E825A7700F37064 /* RMModel.swift */; };
		265653EA1E825BC200F37064 /* RMUser.swift in Sources */ = {isa = PBXBuildFile; fileRef = 265653E91E825BC200F37064 /* RMUser.swift */; };
		265653EC1E8261E000F37064 /* RMLoginViewController.swift in Sources */ = {isa = PBXBuildFile; fileRef = 265653EB1E8261DF00F37064 /* RMLoginViewController.swift */; };
		265653EE1E826A3700F37064 /* RMExchangeRootSegue.swift in Sources */ = {isa = PBXBuildFile; fileRef = 265653ED1E826A3700F37064 /* RMExchangeRootSegue.swift */; };
		265653F01E8279C600F37064 /* RMDog.swift in Sources */ = {isa = PBXBuildFile; fileRef = 265653EF1E8279C600F37064 /* RMDog.swift */; };
		265653F21E827A1300F37064 /* RMAnimal.swift in Sources */ = {isa = PBXBuildFile; fileRef = 265653F11E827A1300F37064 /* RMAnimal.swift */; };
		266597821E95D7AB0035D344 /* RMLinkSearchViewModel.swift in Sources */ = {isa = PBXBuildFile; fileRef = 266597811E95D7AB0035D344 /* RMLinkSearchViewModel.swift */; };
		266597841E95D82A0035D344 /* RMLinkSearchDomain.swift in Sources */ = {isa = PBXBuildFile; fileRef = 266597831E95D82A0035D344 /* RMLinkSearchDomain.swift */; };
		2670EDE31E964FC900D2CA07 /* RMScanViewModel.swift in Sources */ = {isa = PBXBuildFile; fileRef = 2670EDE21E964FC900D2CA07 /* RMScanViewModel.swift */; };
		2670EDE51E96522A00D2CA07 /* RMScanDomain.swift in Sources */ = {isa = PBXBuildFile; fileRef = 2670EDE41E96522A00D2CA07 /* RMScanDomain.swift */; };
		2670EDE71E96536D00D2CA07 /* RMLinkDetailViewModel.swift in Sources */ = {isa = PBXBuildFile; fileRef = 2670EDE61E96536D00D2CA07 /* RMLinkDetailViewModel.swift */; };
		2672C0FF1E8CCB8700AD19EA /* RMViewModel.swift in Sources */ = {isa = PBXBuildFile; fileRef = 2672C0FE1E8CCB8700AD19EA /* RMViewModel.swift */; };
		2672C1011E8CE44900AD19EA /* RMError.swift in Sources */ = {isa = PBXBuildFile; fileRef = 2672C1001E8CE44900AD19EA /* RMError.swift */; };
		2672C1031E8CFABC00AD19EA /* RMDevice.swift in Sources */ = {isa = PBXBuildFile; fileRef = 2672C1021E8CFABC00AD19EA /* RMDevice.swift */; };
		26807FDD1E8E097F005624E5 /* RMTableViewController.swift in Sources */ = {isa = PBXBuildFile; fileRef = 26807FDC1E8E097F005624E5 /* RMTableViewController.swift */; };
		268B423C1E8F471200ADAC83 /* RMListViewModel.swift in Sources */ = {isa = PBXBuildFile; fileRef = 268B423B1E8F471200ADAC83 /* RMListViewModel.swift */; };
		269A48961E822FD30024FC17 /* RMAppDelegate.swift in Sources */ = {isa = PBXBuildFile; fileRef = 269A48951E822FD30024FC17 /* RMAppDelegate.swift */; };
		269A489B1E822FD30024FC17 /* Main.storyboard in Resources */ = {isa = PBXBuildFile; fileRef = 269A48991E822FD30024FC17 /* Main.storyboard */; };
		269A489D1E822FD30024FC17 /* Assets.xcassets in Resources */ = {isa = PBXBuildFile; fileRef = 269A489C1E822FD30024FC17 /* Assets.xcassets */; };
		269A48A01E822FD30024FC17 /* LaunchScreen.storyboard in Resources */ = {isa = PBXBuildFile; fileRef = 269A489E1E822FD30024FC17 /* LaunchScreen.storyboard */; };
		269A48AB1E822FD30024FC17 /* ResourceManagerTests.swift in Sources */ = {isa = PBXBuildFile; fileRef = 269A48AA1E822FD30024FC17 /* ResourceManagerTests.swift */; };
		269A48B61E822FD30024FC17 /* ResourceManagerUITests.swift in Sources */ = {isa = PBXBuildFile; fileRef = 269A48B51E822FD30024FC17 /* ResourceManagerUITests.swift */; };
		269C8CA91E8F9E400049970E /* RMScanViewController.swift in Sources */ = {isa = PBXBuildFile; fileRef = 269C8CA81E8F9E400049970E /* RMScanViewController.swift */; };
		269C8CAB1E8FA5350049970E /* CodeScan.bundle in Resources */ = {isa = PBXBuildFile; fileRef = 269C8CAA1E8FA5350049970E /* CodeScan.bundle */; };
		269C8CAE1E8FAFFF0049970E /* RMLinkDetailViewController.swift in Sources */ = {isa = PBXBuildFile; fileRef = 269C8CAD1E8FAFFF0049970E /* RMLinkDetailViewController.swift */; };
		269C8CB01E8FB33B0049970E /* RMLink.swift in Sources */ = {isa = PBXBuildFile; fileRef = 269C8CAF1E8FB33B0049970E /* RMLink.swift */; };
		26CB6A711E9761070092E3E9 /* LBXPermissions.swift in Sources */ = {isa = PBXBuildFile; fileRef = 26CB6A6A1E9761070092E3E9 /* LBXPermissions.swift */; };
		26CB6A721E9761070092E3E9 /* LBXScanLineAnimation.swift in Sources */ = {isa = PBXBuildFile; fileRef = 26CB6A6B1E9761070092E3E9 /* LBXScanLineAnimation.swift */; };
		26CB6A731E9761070092E3E9 /* LBXScanNetAnimation.swift in Sources */ = {isa = PBXBuildFile; fileRef = 26CB6A6C1E9761070092E3E9 /* LBXScanNetAnimation.swift */; };
		26CB6A741E9761070092E3E9 /* LBXScanView.swift in Sources */ = {isa = PBXBuildFile; fileRef = 26CB6A6D1E9761070092E3E9 /* LBXScanView.swift */; };
		26CB6A751E9761070092E3E9 /* LBXScanViewController.swift in Sources */ = {isa = PBXBuildFile; fileRef = 26CB6A6E1E9761070092E3E9 /* LBXScanViewController.swift */; };
		26CB6A761E9761070092E3E9 /* LBXScanViewStyle.swift in Sources */ = {isa = PBXBuildFile; fileRef = 26CB6A6F1E9761070092E3E9 /* LBXScanViewStyle.swift */; };
		26CB6A771E9761070092E3E9 /* LBXScanWrapper.swift in Sources */ = {isa = PBXBuildFile; fileRef = 26CB6A701E9761070092E3E9 /* LBXScanWrapper.swift */; };
		26CB6A7E1E978B840092E3E9 /* RMResourceManagerViewModel.swift in Sources */ = {isa = PBXBuildFile; fileRef = 26CB6A7D1E978B840092E3E9 /* RMResourceManagerViewModel.swift */; };
		26CB6A801E9792630092E3E9 /* RMLinkListViewController.swift in Sources */ = {isa = PBXBuildFile; fileRef = 26CB6A7F1E9792630092E3E9 /* RMLinkListViewController.swift */; };
		26CB6A821E9795500092E3E9 /* RMLinkListViewModel.swift in Sources */ = {isa = PBXBuildFile; fileRef = 26CB6A811E9795500092E3E9 /* RMLinkListViewModel.swift */; };
		26E0C2F51E837B0300C7C388 /* RMNetworkServices.swift in Sources */ = {isa = PBXBuildFile; fileRef = 26E0C2F41E837B0300C7C388 /* RMNetworkServices.swift */; };
		26E0C2F71E83A86A00C7C388 /* RMResponseObject.swift in Sources */ = {isa = PBXBuildFile; fileRef = 26E0C2F61E83A86A00C7C388 /* RMResponseObject.swift */; };
		D097AD6149BDF471AEB37461 /* Pods_ResourceManager.framework in Frameworks */ = {isa = PBXBuildFile; fileRef = D7A5250EB005BD868F340F58 /* Pods_ResourceManager.framework */; };
		D197FF263FCA7735213FA957 /* Pods_ResourceManagerUITests.framework in Frameworks */ = {isa = PBXBuildFile; fileRef = 60BC1AF07CFC7DE8E82A800D /* Pods_ResourceManagerUITests.framework */; };
/* End PBXBuildFile section */

/* Begin PBXContainerItemProxy section */
		269A48A71E822FD30024FC17 /* PBXContainerItemProxy */ = {
			isa = PBXContainerItemProxy;
			containerPortal = 269A488A1E822FD30024FC17 /* Project object */;
			proxyType = 1;
			remoteGlobalIDString = 269A48911E822FD30024FC17;
			remoteInfo = ResourceManager;
		};
		269A48B21E822FD30024FC17 /* PBXContainerItemProxy */ = {
			isa = PBXContainerItemProxy;
			containerPortal = 269A488A1E822FD30024FC17 /* Project object */;
			proxyType = 1;
			remoteGlobalIDString = 269A48911E822FD30024FC17;
			remoteInfo = ResourceManager;
		};
/* End PBXContainerItemProxy section */

/* Begin PBXFileReference section */
		1BC7CD2E51D927C3295F609B /* Pods-ResourceManagerUITests.release.xcconfig */ = {isa = PBXFileReference; includeInIndex = 1; lastKnownFileType = text.xcconfig; name = "Pods-ResourceManagerUITests.release.xcconfig"; path = "Pods/Target Support Files/Pods-ResourceManagerUITests/Pods-ResourceManagerUITests.release.xcconfig"; sourceTree = "<group>"; };
		260C10941E8A429900011A8E /* RMLoginViewModel.swift */ = {isa = PBXFileReference; fileEncoding = 4; lastKnownFileType = sourcecode.swift; path = RMLoginViewModel.swift; sourceTree = "<group>"; };
		260C10971E8A502D00011A8E /* Operators.swift */ = {isa = PBXFileReference; fileEncoding = 4; lastKnownFileType = sourcecode.swift; path = Operators.swift; sourceTree = "<group>"; };
		260C10991E8A565200011A8E /* Protocols.swift */ = {isa = PBXFileReference; fileEncoding = 4; lastKnownFileType = sourcecode.swift; path = Protocols.swift; sourceTree = "<group>"; };
		260C109B1E8A593300011A8E /* RMLoginDomain.swift */ = {isa = PBXFileReference; fileEncoding = 4; lastKnownFileType = sourcecode.swift; path = RMLoginDomain.swift; sourceTree = "<group>"; };
		260C109F1E8A6F1800011A8E /* RMDataRepository.swift */ = {isa = PBXFileReference; fileEncoding = 4; lastKnownFileType = sourcecode.swift; path = RMDataRepository.swift; sourceTree = "<group>"; };
		260C10A11E8A6F2300011A8E /* RMDomain.swift */ = {isa = PBXFileReference; fileEncoding = 4; lastKnownFileType = sourcecode.swift; path = RMDomain.swift; sourceTree = "<group>"; };
		2621A8661E8BB85A00B31681 /* RMLinkNodeView.swift */ = {isa = PBXFileReference; fileEncoding = 4; lastKnownFileType = sourcecode.swift; path = RMLinkNodeView.swift; sourceTree = "<group>"; };
		262C7E7C1E8ACE53004BD333 /* RMRootViewController.swift */ = {isa = PBXFileReference; fileEncoding = 4; lastKnownFileType = sourcecode.swift; path = RMRootViewController.swift; sourceTree = "<group>"; };
		262C7E801E8ADDF8004BD333 /* RMStoryboardSegue.swift */ = {isa = PBXFileReference; fileEncoding = 4; lastKnownFileType = sourcecode.swift; path = RMStoryboardSegue.swift; sourceTree = "<group>"; };
		2632CABE1E8B7F4B0064AF1E /* RMTabBarViewController.swift */ = {isa = PBXFileReference; fileEncoding = 4; lastKnownFileType = sourcecode.swift; path = RMTabBarViewController.swift; sourceTree = "<group>"; };
		2632CAC01E8B80E50064AF1E /* RMResourceManagerViewController.swift */ = {isa = PBXFileReference; fileEncoding = 4; lastKnownFileType = sourcecode.swift; path = RMResourceManagerViewController.swift; sourceTree = "<group>"; };
		2632CAC21E8B8D1C0064AF1E /* RMLinkSearchViewController.swift */ = {isa = PBXFileReference; fileEncoding = 4; lastKnownFileType = sourcecode.swift; path = RMLinkSearchViewController.swift; sourceTree = "<group>"; };
		2632CAE31E8B9D0F0064AF1E /* FDGapLayoutGuide.h */ = {isa = PBXFileReference; fileEncoding = 4; lastKnownFileType = sourcecode.c.h; path = FDGapLayoutGuide.h; sourceTree = "<group>"; };
		2632CAE41E8B9D0F0064AF1E /* FDGapLayoutGuide.m */ = {isa = PBXFileReference; fileEncoding = 4; lastKnownFileType = sourcecode.c.objc; path = FDGapLayoutGuide.m; sourceTree = "<group>"; };
		2632CAE51E8B9D0F0064AF1E /* FDLayoutSpacer.h */ = {isa = PBXFileReference; fileEncoding = 4; lastKnownFileType = sourcecode.c.h; path = FDLayoutSpacer.h; sourceTree = "<group>"; };
		2632CAE61E8B9D0F0064AF1E /* FDLayoutSpacer.m */ = {isa = PBXFileReference; fileEncoding = 4; lastKnownFileType = sourcecode.c.objc; path = FDLayoutSpacer.m; sourceTree = "<group>"; };
		2632CAE71E8B9D0F0064AF1E /* FDStackView.h */ = {isa = PBXFileReference; fileEncoding = 4; lastKnownFileType = sourcecode.c.h; path = FDStackView.h; sourceTree = "<group>"; };
		2632CAE81E8B9D0F0064AF1E /* FDStackView.m */ = {isa = PBXFileReference; fileEncoding = 4; lastKnownFileType = sourcecode.c.objc; path = FDStackView.m; sourceTree = "<group>"; };
		2632CAE91E8B9D0F0064AF1E /* FDStackViewAlignmentLayoutArrangement.h */ = {isa = PBXFileReference; fileEncoding = 4; lastKnownFileType = sourcecode.c.h; path = FDStackViewAlignmentLayoutArrangement.h; sourceTree = "<group>"; };
		2632CAEA1E8B9D0F0064AF1E /* FDStackViewAlignmentLayoutArrangement.m */ = {isa = PBXFileReference; fileEncoding = 4; lastKnownFileType = sourcecode.c.objc; path = FDStackViewAlignmentLayoutArrangement.m; sourceTree = "<group>"; };
		2632CAEB1E8B9D0F0064AF1E /* FDStackViewDistributionLayoutArrangement.h */ = {isa = PBXFileReference; fileEncoding = 4; lastKnownFileType = sourcecode.c.h; path = FDStackViewDistributionLayoutArrangement.h; sourceTree = "<group>"; };
		2632CAEC1E8B9D0F0064AF1E /* FDStackViewDistributionLayoutArrangement.m */ = {isa = PBXFileReference; fileEncoding = 4; lastKnownFileType = sourcecode.c.objc; path = FDStackViewDistributionLayoutArrangement.m; sourceTree = "<group>"; };
		2632CAED1E8B9D0F0064AF1E /* FDStackViewExtensions.h */ = {isa = PBXFileReference; fileEncoding = 4; lastKnownFileType = sourcecode.c.h; path = FDStackViewExtensions.h; sourceTree = "<group>"; };
		2632CAEE1E8B9D0F0064AF1E /* FDStackViewExtensions.m */ = {isa = PBXFileReference; fileEncoding = 4; lastKnownFileType = sourcecode.c.objc; path = FDStackViewExtensions.m; sourceTree = "<group>"; };
		2632CAEF1E8B9D0F0064AF1E /* FDStackViewLayoutArrangement.h */ = {isa = PBXFileReference; fileEncoding = 4; lastKnownFileType = sourcecode.c.h; path = FDStackViewLayoutArrangement.h; sourceTree = "<group>"; };
		2632CAF01E8B9D0F0064AF1E /* FDStackViewLayoutArrangement.m */ = {isa = PBXFileReference; fileEncoding = 4; lastKnownFileType = sourcecode.c.objc; path = FDStackViewLayoutArrangement.m; sourceTree = "<group>"; };
		2632CAF11E8B9D0F0064AF1E /* FDTransformLayer.h */ = {isa = PBXFileReference; fileEncoding = 4; lastKnownFileType = sourcecode.c.h; path = FDTransformLayer.h; sourceTree = "<group>"; };
		2632CAF21E8B9D0F0064AF1E /* FDTransformLayer.m */ = {isa = PBXFileReference; fileEncoding = 4; lastKnownFileType = sourcecode.c.objc; path = FDTransformLayer.m; sourceTree = "<group>"; };
		2632CAFE1E8B9D940064AF1E /* ResourceManager-Bridging-Header.h */ = {isa = PBXFileReference; lastKnownFileType = sourcecode.c.h; name = "ResourceManager-Bridging-Header.h"; path = "ResourceManager/ResourceManager-Bridging-Header.h"; sourceTree = SOURCE_ROOT; };
		265653E51E82397600F37064 /* RMViewController.swift */ = {isa = PBXFileReference; fileEncoding = 4; lastKnownFileType = sourcecode.swift; path = RMViewController.swift; sourceTree = "<group>"; };
		265653E71E825A7700F37064 /* RMModel.swift */ = {isa = PBXFileReference; fileEncoding = 4; lastKnownFileType = sourcecode.swift; path = RMModel.swift; sourceTree = "<group>"; };
		265653E91E825BC200F37064 /* RMUser.swift */ = {isa = PBXFileReference; fileEncoding = 4; lastKnownFileType = sourcecode.swift; path = RMUser.swift; sourceTree = "<group>"; };
		265653EB1E8261DF00F37064 /* RMLoginViewController.swift */ = {isa = PBXFileReference; fileEncoding = 4; lastKnownFileType = sourcecode.swift; path = RMLoginViewController.swift; sourceTree = "<group>"; };
		265653ED1E826A3700F37064 /* RMExchangeRootSegue.swift */ = {isa = PBXFileReference; fileEncoding = 4; lastKnownFileType = sourcecode.swift; path = RMExchangeRootSegue.swift; sourceTree = "<group>"; };
		265653EF1E8279C600F37064 /* RMDog.swift */ = {isa = PBXFileReference; fileEncoding = 4; lastKnownFileType = sourcecode.swift; path = RMDog.swift; sourceTree = "<group>"; };
		265653F11E827A1300F37064 /* RMAnimal.swift */ = {isa = PBXFileReference; fileEncoding = 4; lastKnownFileType = sourcecode.swift; path = RMAnimal.swift; sourceTree = "<group>"; };
		266597811E95D7AB0035D344 /* RMLinkSearchViewModel.swift */ = {isa = PBXFileReference; fileEncoding = 4; lastKnownFileType = sourcecode.swift; path = RMLinkSearchViewModel.swift; sourceTree = "<group>"; };
		266597831E95D82A0035D344 /* RMLinkSearchDomain.swift */ = {isa = PBXFileReference; fileEncoding = 4; lastKnownFileType = sourcecode.swift; path = RMLinkSearchDomain.swift; sourceTree = "<group>"; };
		2670EDE21E964FC900D2CA07 /* RMScanViewModel.swift */ = {isa = PBXFileReference; fileEncoding = 4; lastKnownFileType = sourcecode.swift; path = RMScanViewModel.swift; sourceTree = "<group>"; };
		2670EDE41E96522A00D2CA07 /* RMScanDomain.swift */ = {isa = PBXFileReference; fileEncoding = 4; lastKnownFileType = sourcecode.swift; path = RMScanDomain.swift; sourceTree = "<group>"; };
		2670EDE61E96536D00D2CA07 /* RMLinkDetailViewModel.swift */ = {isa = PBXFileReference; fileEncoding = 4; lastKnownFileType = sourcecode.swift; path = RMLinkDetailViewModel.swift; sourceTree = "<group>"; };
		2672C0FE1E8CCB8700AD19EA /* RMViewModel.swift */ = {isa = PBXFileReference; fileEncoding = 4; lastKnownFileType = sourcecode.swift; path = RMViewModel.swift; sourceTree = "<group>"; };
		2672C1001E8CE44900AD19EA /* RMError.swift */ = {isa = PBXFileReference; fileEncoding = 4; lastKnownFileType = sourcecode.swift; path = RMError.swift; sourceTree = "<group>"; };
		2672C1021E8CFABC00AD19EA /* RMDevice.swift */ = {isa = PBXFileReference; fileEncoding = 4; lastKnownFileType = sourcecode.swift; path = RMDevice.swift; sourceTree = "<group>"; };
		26807FDC1E8E097F005624E5 /* RMTableViewController.swift */ = {isa = PBXFileReference; fileEncoding = 4; lastKnownFileType = sourcecode.swift; path = RMTableViewController.swift; sourceTree = "<group>"; };
		268B423B1E8F471200ADAC83 /* RMListViewModel.swift */ = {isa = PBXFileReference; fileEncoding = 4; lastKnownFileType = sourcecode.swift; path = RMListViewModel.swift; sourceTree = "<group>"; };
		269A48921E822FD30024FC17 /* ResourceManager.app */ = {isa = PBXFileReference; explicitFileType = wrapper.application; includeInIndex = 0; path = ResourceManager.app; sourceTree = BUILT_PRODUCTS_DIR; };
		269A48951E822FD30024FC17 /* RMAppDelegate.swift */ = {isa = PBXFileReference; lastKnownFileType = sourcecode.swift; path = RMAppDelegate.swift; sourceTree = "<group>"; };
		269A489A1E822FD30024FC17 /* Base */ = {isa = PBXFileReference; lastKnownFileType = file.storyboard; name = Base; path = Base.lproj/Main.storyboard; sourceTree = "<group>"; };
		269A489C1E822FD30024FC17 /* Assets.xcassets */ = {isa = PBXFileReference; lastKnownFileType = folder.assetcatalog; path = Assets.xcassets; sourceTree = "<group>"; };
		269A489F1E822FD30024FC17 /* Base */ = {isa = PBXFileReference; lastKnownFileType = file.storyboard; name = Base; path = Base.lproj/LaunchScreen.storyboard; sourceTree = "<group>"; };
		269A48A11E822FD30024FC17 /* Info.plist */ = {isa = PBXFileReference; lastKnownFileType = text.plist.xml; path = Info.plist; sourceTree = "<group>"; };
		269A48A61E822FD30024FC17 /* ResourceManagerTests.xctest */ = {isa = PBXFileReference; explicitFileType = wrapper.cfbundle; includeInIndex = 0; path = ResourceManagerTests.xctest; sourceTree = BUILT_PRODUCTS_DIR; };
		269A48AA1E822FD30024FC17 /* ResourceManagerTests.swift */ = {isa = PBXFileReference; lastKnownFileType = sourcecode.swift; path = ResourceManagerTests.swift; sourceTree = "<group>"; };
		269A48AC1E822FD30024FC17 /* Info.plist */ = {isa = PBXFileReference; lastKnownFileType = text.plist.xml; path = Info.plist; sourceTree = "<group>"; };
		269A48B11E822FD30024FC17 /* ResourceManagerUITests.xctest */ = {isa = PBXFileReference; explicitFileType = wrapper.cfbundle; includeInIndex = 0; path = ResourceManagerUITests.xctest; sourceTree = BUILT_PRODUCTS_DIR; };
		269A48B51E822FD30024FC17 /* ResourceManagerUITests.swift */ = {isa = PBXFileReference; lastKnownFileType = sourcecode.swift; path = ResourceManagerUITests.swift; sourceTree = "<group>"; };
		269A48B71E822FD30024FC17 /* Info.plist */ = {isa = PBXFileReference; lastKnownFileType = text.plist.xml; path = Info.plist; sourceTree = "<group>"; };
		269C8CA81E8F9E400049970E /* RMScanViewController.swift */ = {isa = PBXFileReference; fileEncoding = 4; lastKnownFileType = sourcecode.swift; path = RMScanViewController.swift; sourceTree = "<group>"; };
		269C8CAA1E8FA5350049970E /* CodeScan.bundle */ = {isa = PBXFileReference; lastKnownFileType = "wrapper.plug-in"; path = CodeScan.bundle; sourceTree = "<group>"; };
		269C8CAD1E8FAFFF0049970E /* RMLinkDetailViewController.swift */ = {isa = PBXFileReference; fileEncoding = 4; lastKnownFileType = sourcecode.swift; path = RMLinkDetailViewController.swift; sourceTree = "<group>"; };
		269C8CAF1E8FB33B0049970E /* RMLink.swift */ = {isa = PBXFileReference; fileEncoding = 4; lastKnownFileType = sourcecode.swift; path = RMLink.swift; sourceTree = "<group>"; };
		26CB6A6A1E9761070092E3E9 /* LBXPermissions.swift */ = {isa = PBXFileReference; fileEncoding = 4; lastKnownFileType = sourcecode.swift; path = LBXPermissions.swift; sourceTree = "<group>"; };
		26CB6A6B1E9761070092E3E9 /* LBXScanLineAnimation.swift */ = {isa = PBXFileReference; fileEncoding = 4; lastKnownFileType = sourcecode.swift; path = LBXScanLineAnimation.swift; sourceTree = "<group>"; };
		26CB6A6C1E9761070092E3E9 /* LBXScanNetAnimation.swift */ = {isa = PBXFileReference; fileEncoding = 4; lastKnownFileType = sourcecode.swift; path = LBXScanNetAnimation.swift; sourceTree = "<group>"; };
		26CB6A6D1E9761070092E3E9 /* LBXScanView.swift */ = {isa = PBXFileReference; fileEncoding = 4; lastKnownFileType = sourcecode.swift; path = LBXScanView.swift; sourceTree = "<group>"; };
		26CB6A6E1E9761070092E3E9 /* LBXScanViewController.swift */ = {isa = PBXFileReference; fileEncoding = 4; lastKnownFileType = sourcecode.swift; path = LBXScanViewController.swift; sourceTree = "<group>"; };
		26CB6A6F1E9761070092E3E9 /* LBXScanViewStyle.swift */ = {isa = PBXFileReference; fileEncoding = 4; lastKnownFileType = sourcecode.swift; path = LBXScanViewStyle.swift; sourceTree = "<group>"; };
		26CB6A701E9761070092E3E9 /* LBXScanWrapper.swift */ = {isa = PBXFileReference; fileEncoding = 4; lastKnownFileType = sourcecode.swift; path = LBXScanWrapper.swift; sourceTree = "<group>"; };
		26CB6A7D1E978B840092E3E9 /* RMResourceManagerViewModel.swift */ = {isa = PBXFileReference; fileEncoding = 4; lastKnownFileType = sourcecode.swift; path = RMResourceManagerViewModel.swift; sourceTree = "<group>"; };
		26CB6A7F1E9792630092E3E9 /* RMLinkListViewController.swift */ = {isa = PBXFileReference; fileEncoding = 4; lastKnownFileType = sourcecode.swift; path = RMLinkListViewController.swift; sourceTree = "<group>"; };
		26CB6A811E9795500092E3E9 /* RMLinkListViewModel.swift */ = {isa = PBXFileReference; fileEncoding = 4; lastKnownFileType = sourcecode.swift; path = RMLinkListViewModel.swift; sourceTree = "<group>"; };
		26E0C2F41E837B0300C7C388 /* RMNetworkServices.swift */ = {isa = PBXFileReference; fileEncoding = 4; lastKnownFileType = sourcecode.swift; path = RMNetworkServices.swift; sourceTree = "<group>"; };
		26E0C2F61E83A86A00C7C388 /* RMResponseObject.swift */ = {isa = PBXFileReference; fileEncoding = 4; lastKnownFileType = sourcecode.swift; path = RMResponseObject.swift; sourceTree = "<group>"; };
		60BC1AF07CFC7DE8E82A800D /* Pods_ResourceManagerUITests.framework */ = {isa = PBXFileReference; explicitFileType = wrapper.framework; includeInIndex = 0; path = Pods_ResourceManagerUITests.framework; sourceTree = BUILT_PRODUCTS_DIR; };
		6326FA90DF8232AA91C5506A /* Pods-ResourceManager.release.xcconfig */ = {isa = PBXFileReference; includeInIndex = 1; lastKnownFileType = text.xcconfig; name = "Pods-ResourceManager.release.xcconfig"; path = "Pods/Target Support Files/Pods-ResourceManager/Pods-ResourceManager.release.xcconfig"; sourceTree = "<group>"; };
		7B2D54B3294D414F3F399907 /* Pods_ResourceManagerTests.framework */ = {isa = PBXFileReference; explicitFileType = wrapper.framework; includeInIndex = 0; path = Pods_ResourceManagerTests.framework; sourceTree = BUILT_PRODUCTS_DIR; };
		8428DE6107C32288740BD1F2 /* Pods-ResourceManagerTests.release.xcconfig */ = {isa = PBXFileReference; includeInIndex = 1; lastKnownFileType = text.xcconfig; name = "Pods-ResourceManagerTests.release.xcconfig"; path = "Pods/Target Support Files/Pods-ResourceManagerTests/Pods-ResourceManagerTests.release.xcconfig"; sourceTree = "<group>"; };
		B2E29D2AB504AE9928FD1091 /* Pods-ResourceManager.debug.xcconfig */ = {isa = PBXFileReference; includeInIndex = 1; lastKnownFileType = text.xcconfig; name = "Pods-ResourceManager.debug.xcconfig"; path = "Pods/Target Support Files/Pods-ResourceManager/Pods-ResourceManager.debug.xcconfig"; sourceTree = "<group>"; };
		BF5D75472B9E36B01719BD68 /* Pods-ResourceManagerTests.debug.xcconfig */ = {isa = PBXFileReference; includeInIndex = 1; lastKnownFileType = text.xcconfig; name = "Pods-ResourceManagerTests.debug.xcconfig"; path = "Pods/Target Support Files/Pods-ResourceManagerTests/Pods-ResourceManagerTests.debug.xcconfig"; sourceTree = "<group>"; };
		C5437833986269D0A42AD3F0 /* Pods-ResourceManagerUITests.debug.xcconfig */ = {isa = PBXFileReference; includeInIndex = 1; lastKnownFileType = text.xcconfig; name = "Pods-ResourceManagerUITests.debug.xcconfig"; path = "Pods/Target Support Files/Pods-ResourceManagerUITests/Pods-ResourceManagerUITests.debug.xcconfig"; sourceTree = "<group>"; };
		D7A5250EB005BD868F340F58 /* Pods_ResourceManager.framework */ = {isa = PBXFileReference; explicitFileType = wrapper.framework; includeInIndex = 0; path = Pods_ResourceManager.framework; sourceTree = BUILT_PRODUCTS_DIR; };
/* End PBXFileReference section */

/* Begin PBXFrameworksBuildPhase section */
		269A488F1E822FD30024FC17 /* Frameworks */ = {
			isa = PBXFrameworksBuildPhase;
			buildActionMask = 2147483647;
			files = (
				D097AD6149BDF471AEB37461 /* Pods_ResourceManager.framework in Frameworks */,
			);
			runOnlyForDeploymentPostprocessing = 0;
		};
		269A48A31E822FD30024FC17 /* Frameworks */ = {
			isa = PBXFrameworksBuildPhase;
			buildActionMask = 2147483647;
			files = (
				013EDF76E7B77030D0A1A47A /* Pods_ResourceManagerTests.framework in Frameworks */,
			);
			runOnlyForDeploymentPostprocessing = 0;
		};
		269A48AE1E822FD30024FC17 /* Frameworks */ = {
			isa = PBXFrameworksBuildPhase;
			buildActionMask = 2147483647;
			files = (
				D197FF263FCA7735213FA957 /* Pods_ResourceManagerUITests.framework in Frameworks */,
			);
			runOnlyForDeploymentPostprocessing = 0;
		};
/* End PBXFrameworksBuildPhase section */

/* Begin PBXGroup section */
		2632CAE21E8B9D0F0064AF1E /* FDStackView */ = {
			isa = PBXGroup;
			children = (
				2632CAE31E8B9D0F0064AF1E /* FDGapLayoutGuide.h */,
				2632CAE41E8B9D0F0064AF1E /* FDGapLayoutGuide.m */,
				2632CAE51E8B9D0F0064AF1E /* FDLayoutSpacer.h */,
				2632CAE61E8B9D0F0064AF1E /* FDLayoutSpacer.m */,
				2632CAE71E8B9D0F0064AF1E /* FDStackView.h */,
				2632CAE81E8B9D0F0064AF1E /* FDStackView.m */,
				2632CAE91E8B9D0F0064AF1E /* FDStackViewAlignmentLayoutArrangement.h */,
				2632CAEA1E8B9D0F0064AF1E /* FDStackViewAlignmentLayoutArrangement.m */,
				2632CAEB1E8B9D0F0064AF1E /* FDStackViewDistributionLayoutArrangement.h */,
				2632CAEC1E8B9D0F0064AF1E /* FDStackViewDistributionLayoutArrangement.m */,
				2632CAED1E8B9D0F0064AF1E /* FDStackViewExtensions.h */,
				2632CAEE1E8B9D0F0064AF1E /* FDStackViewExtensions.m */,
				2632CAEF1E8B9D0F0064AF1E /* FDStackViewLayoutArrangement.h */,
				2632CAF01E8B9D0F0064AF1E /* FDStackViewLayoutArrangement.m */,
				2632CAF11E8B9D0F0064AF1E /* FDTransformLayer.h */,
				2632CAF21E8B9D0F0064AF1E /* FDTransformLayer.m */,
			);
			path = FDStackView;
			sourceTree = "<group>";
		};
		269A48891E822FD30024FC17 = {
			isa = PBXGroup;
			children = (
				269A48941E822FD30024FC17 /* ResourceManager */,
				269A48A91E822FD30024FC17 /* ResourceManagerTests */,
				269A48B41E822FD30024FC17 /* ResourceManagerUITests */,
				269A48931E822FD30024FC17 /* Products */,
				9C90C600F0D336A760BCD80B /* Pods */,
				7715C9C96F5F2330EF24B99A /* Frameworks */,
			);
			sourceTree = "<group>";
		};
		269A48931E822FD30024FC17 /* Products */ = {
			isa = PBXGroup;
			children = (
				269A48921E822FD30024FC17 /* ResourceManager.app */,
				269A48A61E822FD30024FC17 /* ResourceManagerTests.xctest */,
				269A48B11E822FD30024FC17 /* ResourceManagerUITests.xctest */,
			);
			name = Products;
			sourceTree = "<group>";
		};
		269A48941E822FD30024FC17 /* ResourceManager */ = {
			isa = PBXGroup;
			children = (
				269A48951E822FD30024FC17 /* RMAppDelegate.swift */,
				5B8755F77DEA6057E7FBDD58 /* Views */,
				5B875B08AD75AEE4268E89F5 /* ViewModels */,
				5B875BF820F0D1159EB51853 /* Domain */,
				5B87568BE203B1FB3F418888 /* Data */,
				5B87502A8DF8904F050CCFBE /* Services */,
				5B87581C2581DE97C54A91FE /* Model */,
				269C8CAA1E8FA5350049970E /* CodeScan.bundle */,
				269A48991E822FD30024FC17 /* Main.storyboard */,
				269A489C1E822FD30024FC17 /* Assets.xcassets */,
				269A489E1E822FD30024FC17 /* LaunchScreen.storyboard */,
				2632CAFE1E8B9D940064AF1E /* ResourceManager-Bridging-Header.h */,
				269A48A11E822FD30024FC17 /* Info.plist */,
			);
			path = ResourceManager;
			sourceTree = "<group>";
		};
		269A48A91E822FD30024FC17 /* ResourceManagerTests */ = {
			isa = PBXGroup;
			children = (
				269A48AA1E822FD30024FC17 /* ResourceManagerTests.swift */,
				269A48AC1E822FD30024FC17 /* Info.plist */,
			);
			path = ResourceManagerTests;
			sourceTree = "<group>";
		};
		269A48B41E822FD30024FC17 /* ResourceManagerUITests */ = {
			isa = PBXGroup;
			children = (
				269A48B51E822FD30024FC17 /* ResourceManagerUITests.swift */,
				269A48B71E822FD30024FC17 /* Info.plist */,
			);
			path = ResourceManagerUITests;
			sourceTree = "<group>";
		};
		26CB6A691E9761070092E3E9 /* Scan */ = {
			isa = PBXGroup;
			children = (
				26CB6A6A1E9761070092E3E9 /* LBXPermissions.swift */,
				26CB6A6B1E9761070092E3E9 /* LBXScanLineAnimation.swift */,
				26CB6A6C1E9761070092E3E9 /* LBXScanNetAnimation.swift */,
				26CB6A6D1E9761070092E3E9 /* LBXScanView.swift */,
				26CB6A6E1E9761070092E3E9 /* LBXScanViewController.swift */,
				26CB6A6F1E9761070092E3E9 /* LBXScanViewStyle.swift */,
				26CB6A701E9761070092E3E9 /* LBXScanWrapper.swift */,
			);
			path = Scan;
			sourceTree = "<group>";
		};
		5B87502A8DF8904F050CCFBE /* Services */ = {
			isa = PBXGroup;
			children = (
				26E0C2F41E837B0300C7C388 /* RMNetworkServices.swift */,
				2672C1001E8CE44900AD19EA /* RMError.swift */,
				2672C1021E8CFABC00AD19EA /* RMDevice.swift */,
			);
			path = Services;
			sourceTree = "<group>";
		};
		5B8755F77DEA6057E7FBDD58 /* Views */ = {
			isa = PBXGroup;
			children = (
				26CB6A691E9761070092E3E9 /* Scan */,
				2632CAE21E8B9D0F0064AF1E /* FDStackView */,
				265653E51E82397600F37064 /* RMViewController.swift */,
				262C7E801E8ADDF8004BD333 /* RMStoryboardSegue.swift */,
				262C7E7C1E8ACE53004BD333 /* RMRootViewController.swift */,
				265653ED1E826A3700F37064 /* RMExchangeRootSegue.swift */,
				265653EB1E8261DF00F37064 /* RMLoginViewController.swift */,
				2632CABE1E8B7F4B0064AF1E /* RMTabBarViewController.swift */,
				2632CAC01E8B80E50064AF1E /* RMResourceManagerViewController.swift */,
				2632CAC21E8B8D1C0064AF1E /* RMLinkSearchViewController.swift */,
				26CB6A7F1E9792630092E3E9 /* RMLinkListViewController.swift */,
				2621A8661E8BB85A00B31681 /* RMLinkNodeView.swift */,
				26807FDC1E8E097F005624E5 /* RMTableViewController.swift */,
				269C8CA81E8F9E400049970E /* RMScanViewController.swift */,
				269C8CAD1E8FAFFF0049970E /* RMLinkDetailViewController.swift */,
			);
			path = Views;
			sourceTree = "<group>";
		};
		5B87568BE203B1FB3F418888 /* Data */ = {
			isa = PBXGroup;
			children = (
				260C109F1E8A6F1800011A8E /* RMDataRepository.swift */,
			);
			path = Data;
			sourceTree = "<group>";
		};
		5B87581C2581DE97C54A91FE /* Model */ = {
			isa = PBXGroup;
			children = (
				265653E71E825A7700F37064 /* RMModel.swift */,
				265653E91E825BC200F37064 /* RMUser.swift */,
				269C8CAF1E8FB33B0049970E /* RMLink.swift */,
				265653EF1E8279C600F37064 /* RMDog.swift */,
				265653F11E827A1300F37064 /* RMAnimal.swift */,
				26E0C2F61E83A86A00C7C388 /* RMResponseObject.swift */,
			);
			path = Model;
			sourceTree = "<group>";
		};
		5B875B08AD75AEE4268E89F5 /* ViewModels */ = {
			isa = PBXGroup;
			children = (
				2672C0FE1E8CCB8700AD19EA /* RMViewModel.swift */,
				260C10941E8A429900011A8E /* RMLoginViewModel.swift */,
				268B423B1E8F471200ADAC83 /* RMListViewModel.swift */,
				266597811E95D7AB0035D344 /* RMLinkSearchViewModel.swift */,
				26CB6A811E9795500092E3E9 /* RMLinkListViewModel.swift */,
				2670EDE61E96536D00D2CA07 /* RMLinkDetailViewModel.swift */,
				260C10991E8A565200011A8E /* Protocols.swift */,
				260C10971E8A502D00011A8E /* Operators.swift */,
				2670EDE21E964FC900D2CA07 /* RMScanViewModel.swift */,
				26CB6A7D1E978B840092E3E9 /* RMResourceManagerViewModel.swift */,
			);
			path = ViewModels;
			sourceTree = "<group>";
		};
		5B875BF820F0D1159EB51853 /* Domain */ = {
			isa = PBXGroup;
			children = (
				260C109B1E8A593300011A8E /* RMLoginDomain.swift */,
				266597831E95D82A0035D344 /* RMLinkSearchDomain.swift */,
				260C10A11E8A6F2300011A8E /* RMDomain.swift */,
				2670EDE41E96522A00D2CA07 /* RMScanDomain.swift */,
			);
			path = Domain;
			sourceTree = "<group>";
		};
		7715C9C96F5F2330EF24B99A /* Frameworks */ = {
			isa = PBXGroup;
			children = (
				D7A5250EB005BD868F340F58 /* Pods_ResourceManager.framework */,
				7B2D54B3294D414F3F399907 /* Pods_ResourceManagerTests.framework */,
				60BC1AF07CFC7DE8E82A800D /* Pods_ResourceManagerUITests.framework */,
			);
			name = Frameworks;
			sourceTree = "<group>";
		};
		9C90C600F0D336A760BCD80B /* Pods */ = {
			isa = PBXGroup;
			children = (
				B2E29D2AB504AE9928FD1091 /* Pods-ResourceManager.debug.xcconfig */,
				6326FA90DF8232AA91C5506A /* Pods-ResourceManager.release.xcconfig */,
				BF5D75472B9E36B01719BD68 /* Pods-ResourceManagerTests.debug.xcconfig */,
				8428DE6107C32288740BD1F2 /* Pods-ResourceManagerTests.release.xcconfig */,
				C5437833986269D0A42AD3F0 /* Pods-ResourceManagerUITests.debug.xcconfig */,
				1BC7CD2E51D927C3295F609B /* Pods-ResourceManagerUITests.release.xcconfig */,
			);
			name = Pods;
			sourceTree = "<group>";
		};
/* End PBXGroup section */

/* Begin PBXNativeTarget section */
		269A48911E822FD30024FC17 /* ResourceManager */ = {
			isa = PBXNativeTarget;
			buildConfigurationList = 269A48BA1E822FD30024FC17 /* Build configuration list for PBXNativeTarget "ResourceManager" */;
			buildPhases = (
				48EAD2CB6471852C36BAD042 /* [CP] Check Pods Manifest.lock */,
				269A488E1E822FD30024FC17 /* Sources */,
				269A488F1E822FD30024FC17 /* Frameworks */,
				269A48901E822FD30024FC17 /* Resources */,
				B36AB07364A1DBBC671CD05E /* [CP] Embed Pods Frameworks */,
				E4AAFBF5EB3629C8FCEB1C2D /* [CP] Copy Pods Resources */,
			);
			buildRules = (
			);
			dependencies = (
			);
			name = ResourceManager;
			productName = ResourceManager;
			productReference = 269A48921E822FD30024FC17 /* ResourceManager.app */;
			productType = "com.apple.product-type.application";
		};
		269A48A51E822FD30024FC17 /* ResourceManagerTests */ = {
			isa = PBXNativeTarget;
			buildConfigurationList = 269A48BD1E822FD30024FC17 /* Build configuration list for PBXNativeTarget "ResourceManagerTests" */;
			buildPhases = (
				F9CF9BA90D052BA0240225C7 /* [CP] Check Pods Manifest.lock */,
				269A48A21E822FD30024FC17 /* Sources */,
				269A48A31E822FD30024FC17 /* Frameworks */,
				269A48A41E822FD30024FC17 /* Resources */,
				87199D74587C2827BC08E6E6 /* [CP] Embed Pods Frameworks */,
				D6F8766FE92A8D14AFBD364F /* [CP] Copy Pods Resources */,
			);
			buildRules = (
			);
			dependencies = (
				269A48A81E822FD30024FC17 /* PBXTargetDependency */,
			);
			name = ResourceManagerTests;
			productName = ResourceManagerTests;
			productReference = 269A48A61E822FD30024FC17 /* ResourceManagerTests.xctest */;
			productType = "com.apple.product-type.bundle.unit-test";
		};
		269A48B01E822FD30024FC17 /* ResourceManagerUITests */ = {
			isa = PBXNativeTarget;
			buildConfigurationList = 269A48C01E822FD30024FC17 /* Build configuration list for PBXNativeTarget "ResourceManagerUITests" */;
			buildPhases = (
				FDFFE514AFD959A7187CEF23 /* [CP] Check Pods Manifest.lock */,
				269A48AD1E822FD30024FC17 /* Sources */,
				269A48AE1E822FD30024FC17 /* Frameworks */,
				269A48AF1E822FD30024FC17 /* Resources */,
				DC6001402D4300E056AED2DD /* [CP] Embed Pods Frameworks */,
				D53EC63E1733A0F3C9CB2E0D /* [CP] Copy Pods Resources */,
			);
			buildRules = (
			);
			dependencies = (
				269A48B31E822FD30024FC17 /* PBXTargetDependency */,
			);
			name = ResourceManagerUITests;
			productName = ResourceManagerUITests;
			productReference = 269A48B11E822FD30024FC17 /* ResourceManagerUITests.xctest */;
			productType = "com.apple.product-type.bundle.ui-testing";
		};
/* End PBXNativeTarget section */

/* Begin PBXProject section */
		269A488A1E822FD30024FC17 /* Project object */ = {
			isa = PBXProject;
			attributes = {
				CLASSPREFIX = RM;
				LastSwiftUpdateCheck = 0820;
				LastUpgradeCheck = 0820;
				ORGANIZATIONNAME = "北京海睿兴业";
				TargetAttributes = {
					269A48911E822FD30024FC17 = {
						CreatedOnToolsVersion = 8.2.1;
						DevelopmentTeam = 5R5G2D4E69;
						ProvisioningStyle = Automatic;
					};
					269A48A51E822FD30024FC17 = {
						CreatedOnToolsVersion = 8.2.1;
						DevelopmentTeam = 5R5G2D4E69;
						ProvisioningStyle = Automatic;
						TestTargetID = 269A48911E822FD30024FC17;
					};
					269A48B01E822FD30024FC17 = {
						CreatedOnToolsVersion = 8.2.1;
						DevelopmentTeam = 5R5G2D4E69;
						ProvisioningStyle = Automatic;
						TestTargetID = 269A48911E822FD30024FC17;
					};
				};
			};
			buildConfigurationList = 269A488D1E822FD30024FC17 /* Build configuration list for PBXProject "ResourceManager" */;
			compatibilityVersion = "Xcode 3.2";
			developmentRegion = English;
			hasScannedForEncodings = 0;
			knownRegions = (
				en,
				Base,
			);
			mainGroup = 269A48891E822FD30024FC17;
			productRefGroup = 269A48931E822FD30024FC17 /* Products */;
			projectDirPath = "";
			projectRoot = "";
			targets = (
				269A48911E822FD30024FC17 /* ResourceManager */,
				269A48A51E822FD30024FC17 /* ResourceManagerTests */,
				269A48B01E822FD30024FC17 /* ResourceManagerUITests */,
			);
		};
/* End PBXProject section */

/* Begin PBXResourcesBuildPhase section */
		269A48901E822FD30024FC17 /* Resources */ = {
			isa = PBXResourcesBuildPhase;
			buildActionMask = 2147483647;
			files = (
				269A48A01E822FD30024FC17 /* LaunchScreen.storyboard in Resources */,
				269A489D1E822FD30024FC17 /* Assets.xcassets in Resources */,
				269A489B1E822FD30024FC17 /* Main.storyboard in Resources */,
				269C8CAB1E8FA5350049970E /* CodeScan.bundle in Resources */,
			);
			runOnlyForDeploymentPostprocessing = 0;
		};
		269A48A41E822FD30024FC17 /* Resources */ = {
			isa = PBXResourcesBuildPhase;
			buildActionMask = 2147483647;
			files = (
			);
			runOnlyForDeploymentPostprocessing = 0;
		};
		269A48AF1E822FD30024FC17 /* Resources */ = {
			isa = PBXResourcesBuildPhase;
			buildActionMask = 2147483647;
			files = (
			);
			runOnlyForDeploymentPostprocessing = 0;
		};
/* End PBXResourcesBuildPhase section */

/* Begin PBXShellScriptBuildPhase section */
		48EAD2CB6471852C36BAD042 /* [CP] Check Pods Manifest.lock */ = {
			isa = PBXShellScriptBuildPhase;
			buildActionMask = 2147483647;
			files = (
			);
			inputPaths = (
			);
			name = "[CP] Check Pods Manifest.lock";
			outputPaths = (
			);
			runOnlyForDeploymentPostprocessing = 0;
			shellPath = /bin/sh;
			shellScript = "diff \"${PODS_ROOT}/../Podfile.lock\" \"${PODS_ROOT}/Manifest.lock\" > /dev/null\nif [ $? != 0 ] ; then\n    # print error to STDERR\n    echo \"error: The sandbox is not in sync with the Podfile.lock. Run 'pod install' or update your CocoaPods installation.\" >&2\n    exit 1\nfi\n";
			showEnvVarsInLog = 0;
		};
		87199D74587C2827BC08E6E6 /* [CP] Embed Pods Frameworks */ = {
			isa = PBXShellScriptBuildPhase;
			buildActionMask = 2147483647;
			files = (
			);
			inputPaths = (
			);
			name = "[CP] Embed Pods Frameworks";
			outputPaths = (
			);
			runOnlyForDeploymentPostprocessing = 0;
			shellPath = /bin/sh;
			shellScript = "\"${SRCROOT}/Pods/Target Support Files/Pods-ResourceManagerTests/Pods-ResourceManagerTests-frameworks.sh\"\n";
			showEnvVarsInLog = 0;
		};
		B36AB07364A1DBBC671CD05E /* [CP] Embed Pods Frameworks */ = {
			isa = PBXShellScriptBuildPhase;
			buildActionMask = 2147483647;
			files = (
			);
			inputPaths = (
			);
			name = "[CP] Embed Pods Frameworks";
			outputPaths = (
			);
			runOnlyForDeploymentPostprocessing = 0;
			shellPath = /bin/sh;
			shellScript = "\"${SRCROOT}/Pods/Target Support Files/Pods-ResourceManager/Pods-ResourceManager-frameworks.sh\"\n";
			showEnvVarsInLog = 0;
		};
		D53EC63E1733A0F3C9CB2E0D /* [CP] Copy Pods Resources */ = {
			isa = PBXShellScriptBuildPhase;
			buildActionMask = 2147483647;
			files = (
			);
			inputPaths = (
			);
			name = "[CP] Copy Pods Resources";
			outputPaths = (
			);
			runOnlyForDeploymentPostprocessing = 0;
			shellPath = /bin/sh;
			shellScript = "\"${SRCROOT}/Pods/Target Support Files/Pods-ResourceManagerUITests/Pods-ResourceManagerUITests-resources.sh\"\n";
			showEnvVarsInLog = 0;
		};
		D6F8766FE92A8D14AFBD364F /* [CP] Copy Pods Resources */ = {
			isa = PBXShellScriptBuildPhase;
			buildActionMask = 2147483647;
			files = (
			);
			inputPaths = (
			);
			name = "[CP] Copy Pods Resources";
			outputPaths = (
			);
			runOnlyForDeploymentPostprocessing = 0;
			shellPath = /bin/sh;
			shellScript = "\"${SRCROOT}/Pods/Target Support Files/Pods-ResourceManagerTests/Pods-ResourceManagerTests-resources.sh\"\n";
			showEnvVarsInLog = 0;
		};
		DC6001402D4300E056AED2DD /* [CP] Embed Pods Frameworks */ = {
			isa = PBXShellScriptBuildPhase;
			buildActionMask = 2147483647;
			files = (
			);
			inputPaths = (
			);
			name = "[CP] Embed Pods Frameworks";
			outputPaths = (
			);
			runOnlyForDeploymentPostprocessing = 0;
			shellPath = /bin/sh;
			shellScript = "\"${SRCROOT}/Pods/Target Support Files/Pods-ResourceManagerUITests/Pods-ResourceManagerUITests-frameworks.sh\"\n";
			showEnvVarsInLog = 0;
		};
		E4AAFBF5EB3629C8FCEB1C2D /* [CP] Copy Pods Resources */ = {
			isa = PBXShellScriptBuildPhase;
			buildActionMask = 2147483647;
			files = (
			);
			inputPaths = (
			);
			name = "[CP] Copy Pods Resources";
			outputPaths = (
			);
			runOnlyForDeploymentPostprocessing = 0;
			shellPath = /bin/sh;
			shellScript = "\"${SRCROOT}/Pods/Target Support Files/Pods-ResourceManager/Pods-ResourceManager-resources.sh\"\n";
			showEnvVarsInLog = 0;
		};
		F9CF9BA90D052BA0240225C7 /* [CP] Check Pods Manifest.lock */ = {
			isa = PBXShellScriptBuildPhase;
			buildActionMask = 2147483647;
			files = (
			);
			inputPaths = (
			);
			name = "[CP] Check Pods Manifest.lock";
			outputPaths = (
			);
			runOnlyForDeploymentPostprocessing = 0;
			shellPath = /bin/sh;
			shellScript = "diff \"${PODS_ROOT}/../Podfile.lock\" \"${PODS_ROOT}/Manifest.lock\" > /dev/null\nif [ $? != 0 ] ; then\n    # print error to STDERR\n    echo \"error: The sandbox is not in sync with the Podfile.lock. Run 'pod install' or update your CocoaPods installation.\" >&2\n    exit 1\nfi\n";
			showEnvVarsInLog = 0;
		};
		FDFFE514AFD959A7187CEF23 /* [CP] Check Pods Manifest.lock */ = {
			isa = PBXShellScriptBuildPhase;
			buildActionMask = 2147483647;
			files = (
			);
			inputPaths = (
			);
			name = "[CP] Check Pods Manifest.lock";
			outputPaths = (
			);
			runOnlyForDeploymentPostprocessing = 0;
			shellPath = /bin/sh;
			shellScript = "diff \"${PODS_ROOT}/../Podfile.lock\" \"${PODS_ROOT}/Manifest.lock\" > /dev/null\nif [ $? != 0 ] ; then\n    # print error to STDERR\n    echo \"error: The sandbox is not in sync with the Podfile.lock. Run 'pod install' or update your CocoaPods installation.\" >&2\n    exit 1\nfi\n";
			showEnvVarsInLog = 0;
		};
/* End PBXShellScriptBuildPhase section */

/* Begin PBXSourcesBuildPhase section */
		269A488E1E822FD30024FC17 /* Sources */ = {
			isa = PBXSourcesBuildPhase;
			buildActionMask = 2147483647;
			files = (
				269C8CA91E8F9E400049970E /* RMScanViewController.swift in Sources */,
				26CB6A771E9761070092E3E9 /* LBXScanWrapper.swift in Sources */,
				260C10A21E8A6F2300011A8E /* RMDomain.swift in Sources */,
				2632CAFC1E8B9D0F0064AF1E /* FDTransformLayer.m in Sources */,
				26CB6A821E9795500092E3E9 /* RMLinkListViewModel.swift in Sources */,
				262C7E7D1E8ACE53004BD333 /* RMRootViewController.swift in Sources */,
				26CB6A741E9761070092E3E9 /* LBXScanView.swift in Sources */,
				2632CAFA1E8B9D0F0064AF1E /* FDStackViewExtensions.m in Sources */,
				26CB6A721E9761070092E3E9 /* LBXScanLineAnimation.swift in Sources */,
				269C8CAE1E8FAFFF0049970E /* RMLinkDetailViewController.swift in Sources */,
				2670EDE31E964FC900D2CA07 /* RMScanViewModel.swift in Sources */,
				266597841E95D82A0035D344 /* RMLinkSearchDomain.swift in Sources */,
				260C10951E8A429900011A8E /* RMLoginViewModel.swift in Sources */,
				2632CAF81E8B9D0F0064AF1E /* FDStackViewAlignmentLayoutArrangement.m in Sources */,
				269A48961E822FD30024FC17 /* RMAppDelegate.swift in Sources */,
				2672C1011E8CE44900AD19EA /* RMError.swift in Sources */,
				26CB6A761E9761070092E3E9 /* LBXScanViewStyle.swift in Sources */,
				2632CAFB1E8B9D0F0064AF1E /* FDStackViewLayoutArrangement.m in Sources */,
				2632CAF61E8B9D0F0064AF1E /* FDLayoutSpacer.m in Sources */,
				2670EDE71E96536D00D2CA07 /* RMLinkDetailViewModel.swift in Sources */,
				2632CABF1E8B7F4B0064AF1E /* RMTabBarViewController.swift in Sources */,
				265653EE1E826A3700F37064 /* RMExchangeRootSegue.swift in Sources */,
				26E0C2F51E837B0300C7C388 /* RMNetworkServices.swift in Sources */,
				265653F21E827A1300F37064 /* RMAnimal.swift in Sources */,
				260C10981E8A502D00011A8E /* Operators.swift in Sources */,
				2632CAC11E8B80E50064AF1E /* RMResourceManagerViewController.swift in Sources */,
				2672C1031E8CFABC00AD19EA /* RMDevice.swift in Sources */,
				2632CAF91E8B9D0F0064AF1E /* FDStackViewDistributionLayoutArrangement.m in Sources */,
				269C8CB01E8FB33B0049970E /* RMLink.swift in Sources */,
				260C109C1E8A593300011A8E /* RMLoginDomain.swift in Sources */,
				26CB6A7E1E978B840092E3E9 /* RMResourceManagerViewModel.swift in Sources */,
				265653F01E8279C600F37064 /* RMDog.swift in Sources */,
				265653EC1E8261E000F37064 /* RMLoginViewController.swift in Sources */,
				2632CAC31E8B8D1C0064AF1E /* RMLinkSearchViewController.swift in Sources */,
				26CB6A801E9792630092E3E9 /* RMLinkListViewController.swift in Sources */,
				26807FDD1E8E097F005624E5 /* RMTableViewController.swift in Sources */,
				26CB6A711E9761070092E3E9 /* LBXPermissions.swift in Sources */,
				26CB6A751E9761070092E3E9 /* LBXScanViewController.swift in Sources */,
				26E0C2F71E83A86A00C7C388 /* RMResponseObject.swift in Sources */,
				26CB6A731E9761070092E3E9 /* LBXScanNetAnimation.swift in Sources */,
				266597821E95D7AB0035D344 /* RMLinkSearchViewModel.swift in Sources */,
				260C109A1E8A565200011A8E /* Protocols.swift in Sources */,
				2672C0FF1E8CCB8700AD19EA /* RMViewModel.swift in Sources */,
				268B423C1E8F471200ADAC83 /* RMListViewModel.swift in Sources */,
				260C10A01E8A6F1800011A8E /* RMDataRepository.swift in Sources */,
				2621A8671E8BB85A00B31681 /* RMLinkNodeView.swift in Sources */,
				265653EA1E825BC200F37064 /* RMUser.swift in Sources */,
				2632CAF71E8B9D0F0064AF1E /* FDStackView.m in Sources */,
				262C7E811E8ADDF9004BD333 /* RMStoryboardSegue.swift in Sources */,
				265653E61E82397600F37064 /* RMViewController.swift in Sources */,
				2670EDE51E96522A00D2CA07 /* RMScanDomain.swift in Sources */,
				265653E81E825A7700F37064 /* RMModel.swift in Sources */,
				2632CAF51E8B9D0F0064AF1E /* FDGapLayoutGuide.m in Sources */,
			);
			runOnlyForDeploymentPostprocessing = 0;
		};
		269A48A21E822FD30024FC17 /* Sources */ = {
			isa = PBXSourcesBuildPhase;
			buildActionMask = 2147483647;
			files = (
				269A48AB1E822FD30024FC17 /* ResourceManagerTests.swift in Sources */,
			);
			runOnlyForDeploymentPostprocessing = 0;
		};
		269A48AD1E822FD30024FC17 /* Sources */ = {
			isa = PBXSourcesBuildPhase;
			buildActionMask = 2147483647;
			files = (
				269A48B61E822FD30024FC17 /* ResourceManagerUITests.swift in Sources */,
			);
			runOnlyForDeploymentPostprocessing = 0;
		};
/* End PBXSourcesBuildPhase section */

/* Begin PBXTargetDependency section */
		269A48A81E822FD30024FC17 /* PBXTargetDependency */ = {
			isa = PBXTargetDependency;
			target = 269A48911E822FD30024FC17 /* ResourceManager */;
			targetProxy = 269A48A71E822FD30024FC17 /* PBXContainerItemProxy */;
		};
		269A48B31E822FD30024FC17 /* PBXTargetDependency */ = {
			isa = PBXTargetDependency;
			target = 269A48911E822FD30024FC17 /* ResourceManager */;
			targetProxy = 269A48B21E822FD30024FC17 /* PBXContainerItemProxy */;
		};
/* End PBXTargetDependency section */

/* Begin PBXVariantGroup section */
		269A48991E822FD30024FC17 /* Main.storyboard */ = {
			isa = PBXVariantGroup;
			children = (
				269A489A1E822FD30024FC17 /* Base */,
			);
			name = Main.storyboard;
			sourceTree = "<group>";
		};
		269A489E1E822FD30024FC17 /* LaunchScreen.storyboard */ = {
			isa = PBXVariantGroup;
			children = (
				269A489F1E822FD30024FC17 /* Base */,
			);
			name = LaunchScreen.storyboard;
			sourceTree = "<group>";
		};
/* End PBXVariantGroup section */

/* Begin XCBuildConfiguration section */
		269A48B81E822FD30024FC17 /* Debug */ = {
			isa = XCBuildConfiguration;
			buildSettings = {
				ALWAYS_SEARCH_USER_PATHS = NO;
				CLANG_ANALYZER_NONNULL = YES;
				CLANG_CXX_LANGUAGE_STANDARD = "gnu++0x";
				CLANG_CXX_LIBRARY = "libc++";
				CLANG_ENABLE_MODULES = YES;
				CLANG_ENABLE_OBJC_ARC = YES;
				CLANG_WARN_BOOL_CONVERSION = YES;
				CLANG_WARN_CONSTANT_CONVERSION = YES;
				CLANG_WARN_DIRECT_OBJC_ISA_USAGE = YES_ERROR;
				CLANG_WARN_DOCUMENTATION_COMMENTS = YES;
				CLANG_WARN_EMPTY_BODY = YES;
				CLANG_WARN_ENUM_CONVERSION = YES;
				CLANG_WARN_INFINITE_RECURSION = YES;
				CLANG_WARN_INT_CONVERSION = YES;
				CLANG_WARN_OBJC_ROOT_CLASS = YES_ERROR;
				CLANG_WARN_SUSPICIOUS_MOVE = YES;
				CLANG_WARN_UNREACHABLE_CODE = YES;
				CLANG_WARN__DUPLICATE_METHOD_MATCH = YES;
				"CODE_SIGN_IDENTITY[sdk=iphoneos*]" = "iPhone Developer";
				COPY_PHASE_STRIP = NO;
				DEBUG_INFORMATION_FORMAT = dwarf;
				ENABLE_STRICT_OBJC_MSGSEND = YES;
				ENABLE_TESTABILITY = YES;
				GCC_C_LANGUAGE_STANDARD = gnu99;
				GCC_DYNAMIC_NO_PIC = NO;
				GCC_NO_COMMON_BLOCKS = YES;
				GCC_OPTIMIZATION_LEVEL = 0;
				GCC_PREPROCESSOR_DEFINITIONS = (
					"DEBUG=1",
					"$(inherited)",
				);
				GCC_WARN_64_TO_32_BIT_CONVERSION = YES;
				GCC_WARN_ABOUT_RETURN_TYPE = YES_ERROR;
				GCC_WARN_UNDECLARED_SELECTOR = YES;
				GCC_WARN_UNINITIALIZED_AUTOS = YES_AGGRESSIVE;
				GCC_WARN_UNUSED_FUNCTION = YES;
				GCC_WARN_UNUSED_VARIABLE = YES;
				IPHONEOS_DEPLOYMENT_TARGET = 10.2;
				MTL_ENABLE_DEBUG_INFO = YES;
				ONLY_ACTIVE_ARCH = YES;
				SDKROOT = iphoneos;
				SWIFT_ACTIVE_COMPILATION_CONDITIONS = DEBUG;
				SWIFT_OPTIMIZATION_LEVEL = "-Onone";
				TARGETED_DEVICE_FAMILY = "1,2";
			};
			name = Debug;
		};
		269A48B91E822FD30024FC17 /* Release */ = {
			isa = XCBuildConfiguration;
			buildSettings = {
				ALWAYS_SEARCH_USER_PATHS = NO;
				CLANG_ANALYZER_NONNULL = YES;
				CLANG_CXX_LANGUAGE_STANDARD = "gnu++0x";
				CLANG_CXX_LIBRARY = "libc++";
				CLANG_ENABLE_MODULES = YES;
				CLANG_ENABLE_OBJC_ARC = YES;
				CLANG_WARN_BOOL_CONVERSION = YES;
				CLANG_WARN_CONSTANT_CONVERSION = YES;
				CLANG_WARN_DIRECT_OBJC_ISA_USAGE = YES_ERROR;
				CLANG_WARN_DOCUMENTATION_COMMENTS = YES;
				CLANG_WARN_EMPTY_BODY = YES;
				CLANG_WARN_ENUM_CONVERSION = YES;
				CLANG_WARN_INFINITE_RECURSION = YES;
				CLANG_WARN_INT_CONVERSION = YES;
				CLANG_WARN_OBJC_ROOT_CLASS = YES_ERROR;
				CLANG_WARN_SUSPICIOUS_MOVE = YES;
				CLANG_WARN_UNREACHABLE_CODE = YES;
				CLANG_WARN__DUPLICATE_METHOD_MATCH = YES;
				"CODE_SIGN_IDENTITY[sdk=iphoneos*]" = "iPhone Developer";
				COPY_PHASE_STRIP = NO;
				DEBUG_INFORMATION_FORMAT = "dwarf-with-dsym";
				ENABLE_NS_ASSERTIONS = NO;
				ENABLE_STRICT_OBJC_MSGSEND = YES;
				GCC_C_LANGUAGE_STANDARD = gnu99;
				GCC_NO_COMMON_BLOCKS = YES;
				GCC_WARN_64_TO_32_BIT_CONVERSION = YES;
				GCC_WARN_ABOUT_RETURN_TYPE = YES_ERROR;
				GCC_WARN_UNDECLARED_SELECTOR = YES;
				GCC_WARN_UNINITIALIZED_AUTOS = YES_AGGRESSIVE;
				GCC_WARN_UNUSED_FUNCTION = YES;
				GCC_WARN_UNUSED_VARIABLE = YES;
				IPHONEOS_DEPLOYMENT_TARGET = 10.2;
				MTL_ENABLE_DEBUG_INFO = NO;
				SDKROOT = iphoneos;
				SWIFT_OPTIMIZATION_LEVEL = "-Owholemodule";
				TARGETED_DEVICE_FAMILY = "1,2";
				VALIDATE_PRODUCT = YES;
			};
			name = Release;
		};
		269A48BB1E822FD30024FC17 /* Debug */ = {
			isa = XCBuildConfiguration;
			baseConfigurationReference = B2E29D2AB504AE9928FD1091 /* Pods-ResourceManager.debug.xcconfig */;
			buildSettings = {
				ASSETCATALOG_COMPILER_APPICON_NAME = AppIcon;
				DEVELOPMENT_TEAM = 5R5G2D4E69;
				INFOPLIST_FILE = ResourceManager/Info.plist;
				IPHONEOS_DEPLOYMENT_TARGET = 8.0;
				LD_RUNPATH_SEARCH_PATHS = "$(inherited) @executable_path/Frameworks";
				OTHER_SWIFT_FLAGS = "$(inherited) \"-D\" \"COCOAPODS\" -Xfrontend -disable-availability-checking";
				PRODUCT_BUNDLE_IDENTIFIER = com.ibilling.ResourceManager;
				PRODUCT_NAME = "$(TARGET_NAME)";
				SWIFT_OBJC_BRIDGING_HEADER = "$(SRCROOT)/ResourceManager/ResourceManager-Bridging-Header.h";
				SWIFT_VERSION = 3.0;
			};
			name = Debug;
		};
		269A48BC1E822FD30024FC17 /* Release */ = {
			isa = XCBuildConfiguration;
			baseConfigurationReference = 6326FA90DF8232AA91C5506A /* Pods-ResourceManager.release.xcconfig */;
			buildSettings = {
				ASSETCATALOG_COMPILER_APPICON_NAME = AppIcon;
				DEVELOPMENT_TEAM = 5R5G2D4E69;
				INFOPLIST_FILE = ResourceManager/Info.plist;
				IPHONEOS_DEPLOYMENT_TARGET = 8.0;
				LD_RUNPATH_SEARCH_PATHS = "$(inherited) @executable_path/Frameworks";
				OTHER_SWIFT_FLAGS = "$(inherited) \"-D\" \"COCOAPODS\" -Xfrontend -disable-availability-checking";
				PRODUCT_BUNDLE_IDENTIFIER = com.ibilling.ResourceManager;
				PRODUCT_NAME = "$(TARGET_NAME)";
				SWIFT_OBJC_BRIDGING_HEADER = "$(SRCROOT)/ResourceManager/ResourceManager-Bridging-Header.h";
				SWIFT_VERSION = 3.0;
			};
			name = Release;
		};
		269A48BE1E822FD30024FC17 /* Debug */ = {
			isa = XCBuildConfiguration;
			baseConfigurationReference = BF5D75472B9E36B01719BD68 /* Pods-ResourceManagerTests.debug.xcconfig */;
			buildSettings = {
				ALWAYS_EMBED_SWIFT_STANDARD_LIBRARIES = YES;
				BUNDLE_LOADER = "$(TEST_HOST)";
				DEVELOPMENT_TEAM = 5R5G2D4E69;
				INFOPLIST_FILE = ResourceManagerTests/Info.plist;
				LD_RUNPATH_SEARCH_PATHS = "$(inherited) @executable_path/Frameworks @loader_path/Frameworks";
				PRODUCT_BUNDLE_IDENTIFIER = com.ibilling.ResourceManagerTests;
				PRODUCT_NAME = "$(TARGET_NAME)";
				SWIFT_VERSION = 3.0;
				TEST_HOST = "$(BUILT_PRODUCTS_DIR)/ResourceManager.app/ResourceManager";
			};
			name = Debug;
		};
		269A48BF1E822FD30024FC17 /* Release */ = {
			isa = XCBuildConfiguration;
			baseConfigurationReference = 8428DE6107C32288740BD1F2 /* Pods-ResourceManagerTests.release.xcconfig */;
			buildSettings = {
				ALWAYS_EMBED_SWIFT_STANDARD_LIBRARIES = YES;
				BUNDLE_LOADER = "$(TEST_HOST)";
				DEVELOPMENT_TEAM = 5R5G2D4E69;
				INFOPLIST_FILE = ResourceManagerTests/Info.plist;
				LD_RUNPATH_SEARCH_PATHS = "$(inherited) @executable_path/Frameworks @loader_path/Frameworks";
				PRODUCT_BUNDLE_IDENTIFIER = com.ibilling.ResourceManagerTests;
				PRODUCT_NAME = "$(TARGET_NAME)";
				SWIFT_VERSION = 3.0;
				TEST_HOST = "$(BUILT_PRODUCTS_DIR)/ResourceManager.app/ResourceManager";
			};
			name = Release;
		};
		269A48C11E822FD30024FC17 /* Debug */ = {
			isa = XCBuildConfiguration;
			baseConfigurationReference = C5437833986269D0A42AD3F0 /* Pods-ResourceManagerUITests.debug.xcconfig */;
			buildSettings = {
				ALWAYS_EMBED_SWIFT_STANDARD_LIBRARIES = YES;
				DEVELOPMENT_TEAM = 5R5G2D4E69;
				INFOPLIST_FILE = ResourceManagerUITests/Info.plist;
				LD_RUNPATH_SEARCH_PATHS = "$(inherited) @executable_path/Frameworks @loader_path/Frameworks";
				PRODUCT_BUNDLE_IDENTIFIER = com.ibilling.ResourceManagerUITests;
				PRODUCT_NAME = "$(TARGET_NAME)";
				SWIFT_VERSION = 3.0;
				TEST_TARGET_NAME = ResourceManager;
			};
			name = Debug;
		};
		269A48C21E822FD30024FC17 /* Release */ = {
			isa = XCBuildConfiguration;
			baseConfigurationReference = 1BC7CD2E51D927C3295F609B /* Pods-ResourceManagerUITests.release.xcconfig */;
			buildSettings = {
				ALWAYS_EMBED_SWIFT_STANDARD_LIBRARIES = YES;
				DEVELOPMENT_TEAM = 5R5G2D4E69;
				INFOPLIST_FILE = ResourceManagerUITests/Info.plist;
				LD_RUNPATH_SEARCH_PATHS = "$(inherited) @executable_path/Frameworks @loader_path/Frameworks";
				PRODUCT_BUNDLE_IDENTIFIER = com.ibilling.ResourceManagerUITests;
				PRODUCT_NAME = "$(TARGET_NAME)";
				SWIFT_VERSION = 3.0;
				TEST_TARGET_NAME = ResourceManager;
			};
			name = Release;
		};
/* End XCBuildConfiguration section */

/* Begin XCConfigurationList section */
		269A488D1E822FD30024FC17 /* Build configuration list for PBXProject "ResourceManager" */ = {
			isa = XCConfigurationList;
			buildConfigurations = (
				269A48B81E822FD30024FC17 /* Debug */,
				269A48B91E822FD30024FC17 /* Release */,
			);
			defaultConfigurationIsVisible = 0;
			defaultConfigurationName = Release;
		};
		269A48BA1E822FD30024FC17 /* Build configuration list for PBXNativeTarget "ResourceManager" */ = {
			isa = XCConfigurationList;
			buildConfigurations = (
				269A48BB1E822FD30024FC17 /* Debug */,
				269A48BC1E822FD30024FC17 /* Release */,
			);
			defaultConfigurationIsVisible = 0;
			defaultConfigurationName = Release;
		};
		269A48BD1E822FD30024FC17 /* Build configuration list for PBXNativeTarget "ResourceManagerTests" */ = {
			isa = XCConfigurationList;
			buildConfigurations = (
				269A48BE1E822FD30024FC17 /* Debug */,
				269A48BF1E822FD30024FC17 /* Release */,
			);
			defaultConfigurationIsVisible = 0;
			defaultConfigurationName = Release;
		};
		269A48C01E822FD30024FC17 /* Build configuration list for PBXNativeTarget "ResourceManagerUITests" */ = {
			isa = XCConfigurationList;
			buildConfigurations = (
				269A48C11E822FD30024FC17 /* Debug */,
				269A48C21E822FD30024FC17 /* Release */,
			);
			defaultConfigurationIsVisible = 0;
			defaultConfigurationName = Release;
		};
/* End XCConfigurationList section */
	};
	rootObject = 269A488A1E822FD30024FC17 /* Project object */;
}
